// !$*UTF8*$!
{
	archiveVersion = 1;
	classes = {
	};
	objectVersion = 46;
	objects = {

/* Begin PBXBuildFile section */
		31790EB2A3AC2A872FFB10B0 /* Pods_watchContact_Extension.framework in Frameworks */ = {isa = PBXBuildFile; fileRef = DB4DC29FBDA76232A5502345 /* Pods_watchContact_Extension.framework */; };
		396C2A102D9217EE3B9252A4 /* Pods_iOSContact.framework in Frameworks */ = {isa = PBXBuildFile; fileRef = 6289E05313A060DC57B41171 /* Pods_iOSContact.framework */; };
		554C1DA59453C99A870E7FAE /* Pods_tvContact.framework in Frameworks */ = {isa = PBXBuildFile; fileRef = 23C0622C1F85A379047F40F6 /* Pods_tvContact.framework */; };
		701CB9291F34BB1E0006C942 /* ContactViewModel.swift in Sources */ = {isa = PBXBuildFile; fileRef = C86E2F321AE5A0CA00C31024 /* ContactViewModel.swift */; };
		701CB92E1F34BB1E0006C942 /* TableViewSectionedDataSource.swift in Sources */ = {isa = PBXBuildFile; fileRef = C8477FE71D29DE8C0074454A /* TableViewSectionedDataSource.swift */; };
		701CB9301F34BB1E0006C942 /* RootViewController.swift in Sources */ = {isa = PBXBuildFile; fileRef = C8DF92E21B0B32DA009BCF9A /* RootViewController.swift */; };
		701CB9341F34BB1E0006C942 /* Observable+Extensions.swift in Sources */ = {isa = PBXBuildFile; fileRef = C84E5BA51E7893A4001F659A /* Observable+Extensions.swift */; };
		701CB9351F34BB1E0006C942 /* SectionModel.swift in Sources */ = {isa = PBXBuildFile; fileRef = C8477FE41D29DE8C0074454A /* SectionModel.swift */; };
		701CB9361F34BB1E0006C942 /* ItemPath.swift in Sources */ = {isa = PBXBuildFile; fileRef = C8477FE21D29DE8C0074454A /* ItemPath.swift */; };
		701CB9431F34BB1E0006C942 /* ContactEditionViewController.swift in Sources */ = {isa = PBXBuildFile; fileRef = C864BAD11C3332F10083833C /* ContactEditionViewController.swift */; };
		701CB94C1F34BB1E0006C942 /* RxTableViewSectionedReloadDataSource.swift in Sources */ = {isa = PBXBuildFile; fileRef = C8477FED1D29DE8C0074454A /* RxTableViewSectionedReloadDataSource.swift */; };
		701CB94F1F34BB1E0006C942 /* UITableView+Extensions.swift in Sources */ = {isa = PBXBuildFile; fileRef = C8CDF0C01D688DF700C18F99 /* UITableView+Extensions.swift */; };
		701CB9511F34BB1E0006C942 /* ContactMainViewController.swift in Sources */ = {isa = PBXBuildFile; fileRef = C864BAD41C3332F10083833C /* ContactMainViewController.swift */; };
		701CB95E1F34BB1E0006C942 /* Contact.swift in Sources */ = {isa = PBXBuildFile; fileRef = C86E2F3D1AE5A0CA00C31024 /* Contact.swift */; };
		701CB9671F34BB1E0006C942 /* SectionModelType.swift in Sources */ = {isa = PBXBuildFile; fileRef = C8477FE51D29DE8C0074454A /* SectionModelType.swift */; };
		701CB96D1F34BB1E0006C942 /* ContactSearchCell.swift in Sources */ = {isa = PBXBuildFile; fileRef = C8C46DA51B47F7110020D71E /* ContactSearchCell.swift */; };
		701CB9721F34BB1E0006C942 /* ReachabilityService.swift in Sources */ = {isa = PBXBuildFile; fileRef = B18F3BE11BDB2E8F000AAC79 /* ReachabilityService.swift */; };
		701CB9731F34BB1E0006C942 /* Reachability.swift in Sources */ = {isa = PBXBuildFile; fileRef = B18F3BBB1BD92EC8000AAC79 /* Reachability.swift */; };
		701CB9741F34BB1E0006C942 /* Factory.swift in Sources */ = {isa = PBXBuildFile; fileRef = 07E3C2321B03605B0010338D /* Factory.swift */; };
		701CB9771F34BB1E0006C942 /* ContactREST.swift in Sources */ = {isa = PBXBuildFile; fileRef = C86E2F3B1AE5A0CA00C31024 /* ContactREST.swift */; };
		701CB9781F34BB1E0006C942 /* AppDelegate.swift in Sources */ = {isa = PBXBuildFile; fileRef = C8DF92C81B0B2F84009BCF9A /* AppDelegate.swift */; };
		701CB9831F34BB1E0006C942 /* ContactSearchCell.xib in Resources */ = {isa = PBXBuildFile; fileRef = C8C46DA61B47F7110020D71E /* ContactSearchCell.xib */; };
		701CB98D1F34BB1E0006C942 /* LaunchScreen.xib in Resources */ = {isa = PBXBuildFile; fileRef = C8DF92E01B0B32DA009BCF9A /* LaunchScreen.xib */; };
		701CB9911F34BB1E0006C942 /* Main.storyboard in Resources */ = {isa = PBXBuildFile; fileRef = C8DF92E11B0B32DA009BCF9A /* Main.storyboard */; };
		701CB9AF1F34BB460006C942 /* Interface.storyboard in Resources */ = {isa = PBXBuildFile; fileRef = 701CB9AD1F34BB460006C942 /* Interface.storyboard */; };
		701CB9B81F34BB460006C942 /* watchContact Extension.appex in Embed App Extensions */ = {isa = PBXBuildFile; fileRef = 701CB9B71F34BB460006C942 /* watchContact Extension.appex */; settings = {ATTRIBUTES = (RemoveHeadersOnCopy, ); }; };
		701CB9BF1F34BB460006C942 /* InterfaceController.swift in Sources */ = {isa = PBXBuildFile; fileRef = 701CB9BE1F34BB460006C942 /* InterfaceController.swift */; };
		701CB9C11F34BB460006C942 /* ExtensionDelegate.swift in Sources */ = {isa = PBXBuildFile; fileRef = 701CB9C01F34BB460006C942 /* ExtensionDelegate.swift */; };
		701CB9C31F34BB460006C942 /* NotificationController.swift in Sources */ = {isa = PBXBuildFile; fileRef = 701CB9C21F34BB460006C942 /* NotificationController.swift */; };
		701CB9C51F34BB460006C942 /* ComplicationController.swift in Sources */ = {isa = PBXBuildFile; fileRef = 701CB9C41F34BB460006C942 /* ComplicationController.swift */; };
		701CB9CC1F34BB460006C942 /* watchContact.app in Embed Watch Content */ = {isa = PBXBuildFile; fileRef = 701CB9AB1F34BB460006C942 /* watchContact.app */; };
		701CB9DD1F34BB690006C942 /* AppDelegate.swift in Sources */ = {isa = PBXBuildFile; fileRef = 701CB9DC1F34BB690006C942 /* AppDelegate.swift */; };
		701CB9DF1F34BB690006C942 /* FirstViewController.swift in Sources */ = {isa = PBXBuildFile; fileRef = 701CB9DE1F34BB690006C942 /* FirstViewController.swift */; };
		701CB9E11F34BB690006C942 /* SecondViewController.swift in Sources */ = {isa = PBXBuildFile; fileRef = 701CB9E01F34BB690006C942 /* SecondViewController.swift */; };
		701CB9E41F34BB690006C942 /* Main.storyboard in Resources */ = {isa = PBXBuildFile; fileRef = 701CB9E21F34BB690006C942 /* Main.storyboard */; };
		701CB9F31F34BB730006C942 /* AppDelegate.swift in Sources */ = {isa = PBXBuildFile; fileRef = C86781CA1DB824D500B2029A /* AppDelegate.swift */; };
		701CB9F41F34BB730006C942 /* ContactViewModel.swift in Sources */ = {isa = PBXBuildFile; fileRef = C86E2F321AE5A0CA00C31024 /* ContactViewModel.swift */; };
		701CB9F91F34BB730006C942 /* ReachabilityService.swift in Sources */ = {isa = PBXBuildFile; fileRef = B18F3BE11BDB2E8F000AAC79 /* ReachabilityService.swift */; };
		701CB9FC1F34BB730006C942 /* Contact.swift in Sources */ = {isa = PBXBuildFile; fileRef = C86E2F3D1AE5A0CA00C31024 /* Contact.swift */; };
		701CB9FD1F34BB730006C942 /* Reachability.swift in Sources */ = {isa = PBXBuildFile; fileRef = B18F3BBB1BD92EC8000AAC79 /* Reachability.swift */; };
		701CBA001F34BB730006C942 /* Factory.swift in Sources */ = {isa = PBXBuildFile; fileRef = 07E3C2321B03605B0010338D /* Factory.swift */; };
		701CBA011F34BB730006C942 /* ContactREST.swift in Sources */ = {isa = PBXBuildFile; fileRef = C86E2F3B1AE5A0CA00C31024 /* ContactREST.swift */; };
		701CBA051F34BB730006C942 /* Observable+Extensions.swift in Sources */ = {isa = PBXBuildFile; fileRef = C84E5BA51E7893A4001F659A /* Observable+Extensions.swift */; };
		701CBA0D1F34BB730006C942 /* Main.storyboard in Resources */ = {isa = PBXBuildFile; fileRef = C86781CB1DB824D500B2029A /* Main.storyboard */; };
		70B292391F34BE660015C527 /* Assets.xcassets in Resources */ = {isa = PBXBuildFile; fileRef = 701CB9C61F34BB460006C942 /* Assets.xcassets */; };
		70B2923A1F34BE6D0015C527 /* Assets.xcassets in Resources */ = {isa = PBXBuildFile; fileRef = 701CB9E51F34BB690006C942 /* Assets.xcassets */; };
		70B2923B1F34BE700015C527 /* Assets.xcassets in Resources */ = {isa = PBXBuildFile; fileRef = 701CB9B01F34BB460006C942 /* Assets.xcassets */; };
		70EDE4281F36D6E6006CD515 /* Contact.swift in Sources */ = {isa = PBXBuildFile; fileRef = C86E2F3D1AE5A0CA00C31024 /* Contact.swift */; };
		70EDE4291F36D6E7006CD515 /* Contact.swift in Sources */ = {isa = PBXBuildFile; fileRef = C86E2F3D1AE5A0CA00C31024 /* Contact.swift */; };
		70EDE42A1F36D712006CD515 /* ContactREST.swift in Sources */ = {isa = PBXBuildFile; fileRef = C86E2F3B1AE5A0CA00C31024 /* ContactREST.swift */; };
		70EDE42B1F36D712006CD515 /* ContactREST.swift in Sources */ = {isa = PBXBuildFile; fileRef = C86E2F3B1AE5A0CA00C31024 /* ContactREST.swift */; };
		70EDE42F1F37F957006CD515 /* IntroductionExampleViewController.swift in Sources */ = {isa = PBXBuildFile; fileRef = 70EDE42D1F37F951006CD515 /* IntroductionExampleViewController.swift */; };
		70EDE4301F37FB75006CD515 /* ObservableSharedSequence.swift in Sources */ = {isa = PBXBuildFile; fileRef = C80397391BD3E17D009D8B26 /* ObservableSharedSequence.swift */; };
		70EDE4311F37FB76006CD515 /* ObservableSharedSequence.swift in Sources */ = {isa = PBXBuildFile; fileRef = C80397391BD3E17D009D8B26 /* ObservableSharedSequence.swift */; };
		70EDE4321F37FB77006CD515 /* ObservableSharedSequence.swift in Sources */ = {isa = PBXBuildFile; fileRef = C80397391BD3E17D009D8B26 /* ObservableSharedSequence.swift */; };
		70EDE4331F37FB77006CD515 /* ObservableSharedSequence.swift in Sources */ = {isa = PBXBuildFile; fileRef = C80397391BD3E17D009D8B26 /* ObservableSharedSequence.swift */; };
		70EDE43D1F3816C4006CD515 /* DobEditionViewController.swift in Sources */ = {isa = PBXBuildFile; fileRef = 70EDE43C1F3816C4006CD515 /* DobEditionViewController.swift */; };
		70FBAC6D1F34F1F2008F5A3F /* Images.xcassets in Resources */ = {isa = PBXBuildFile; fileRef = C8DF92E91B0B38C0009BCF9A /* Images.xcassets */; };
		70FBAC701F34F8A8008F5A3F /* Assets.xcassets in Resources */ = {isa = PBXBuildFile; fileRef = 70FBAC6F1F34F8A8008F5A3F /* Assets.xcassets */; };
		70FBAC731F350408008F5A3F /* Facade.swift in Sources */ = {isa = PBXBuildFile; fileRef = 70FBAC721F350408008F5A3F /* Facade.swift */; };
		70FBAC741F350408008F5A3F /* Facade.swift in Sources */ = {isa = PBXBuildFile; fileRef = 70FBAC721F350408008F5A3F /* Facade.swift */; };
		70FBAC751F350408008F5A3F /* Facade.swift in Sources */ = {isa = PBXBuildFile; fileRef = 70FBAC721F350408008F5A3F /* Facade.swift */; };
		70FBAC761F350408008F5A3F /* Facade.swift in Sources */ = {isa = PBXBuildFile; fileRef = 70FBAC721F350408008F5A3F /* Facade.swift */; };
		70FBAC7C1F350461008F5A3F /* ReachabilityService.swift in Sources */ = {isa = PBXBuildFile; fileRef = B18F3BE11BDB2E8F000AAC79 /* ReachabilityService.swift */; };
		70FBAC7F1F35046C008F5A3F /* Reachability.swift in Sources */ = {isa = PBXBuildFile; fileRef = B18F3BBB1BD92EC8000AAC79 /* Reachability.swift */; };
		70FBAC801F3505C7008F5A3F /* Factory.swift in Sources */ = {isa = PBXBuildFile; fileRef = 07E3C2321B03605B0010338D /* Factory.swift */; };
		70FBAC811F3505C8008F5A3F /* Factory.swift in Sources */ = {isa = PBXBuildFile; fileRef = 07E3C2321B03605B0010338D /* Factory.swift */; };
		70FBAC9D1F35213D008F5A3F /* Reachability.swift in Sources */ = {isa = PBXBuildFile; fileRef = B18F3BBB1BD92EC8000AAC79 /* Reachability.swift */; };
		70FBAC9E1F352A93008F5A3F /* ReachabilityService.swift in Sources */ = {isa = PBXBuildFile; fileRef = B18F3BE11BDB2E8F000AAC79 /* ReachabilityService.swift */; };
		7243B1ABA3F67187DA641EF2 /* Pods_osxContact.framework in Frameworks */ = {isa = PBXBuildFile; fileRef = 5E1BDB8FEFC228F161823DA4 /* Pods_osxContact.framework */; };
/* End PBXBuildFile section */

/* Begin PBXContainerItemProxy section */
		701CB9B91F34BB460006C942 /* PBXContainerItemProxy */ = {
			isa = PBXContainerItemProxy;
			containerPortal = C83366D51AD0293800C668A7 /* Project object */;
			proxyType = 1;
			remoteGlobalIDString = 701CB9B61F34BB460006C942;
			remoteInfo = "watchContact Extension";
		};
		701CB9C91F34BB460006C942 /* PBXContainerItemProxy */ = {
			isa = PBXContainerItemProxy;
			containerPortal = C83366D51AD0293800C668A7 /* Project object */;
			proxyType = 1;
			remoteGlobalIDString = 701CB9AA1F34BB460006C942;
			remoteInfo = watchContact;
		};
/* End PBXContainerItemProxy section */

/* Begin PBXCopyFilesBuildPhase section */
		701CB9CB1F34BB460006C942 /* Embed Watch Content */ = {
			isa = PBXCopyFilesBuildPhase;
			buildActionMask = 2147483647;
			dstPath = "$(CONTENTS_FOLDER_PATH)/Watch";
			dstSubfolderSpec = 16;
			files = (
				701CB9CC1F34BB460006C942 /* watchContact.app in Embed Watch Content */,
			);
			name = "Embed Watch Content";
			runOnlyForDeploymentPostprocessing = 0;
		};
		701CB9D11F34BB460006C942 /* Embed App Extensions */ = {
			isa = PBXCopyFilesBuildPhase;
			buildActionMask = 2147483647;
			dstPath = "";
			dstSubfolderSpec = 13;
			files = (
				701CB9B81F34BB460006C942 /* watchContact Extension.appex in Embed App Extensions */,
			);
			name = "Embed App Extensions";
			runOnlyForDeploymentPostprocessing = 0;
		};
		701CBA0E1F34BB730006C942 /* Embed Frameworks */ = {
			isa = PBXCopyFilesBuildPhase;
			buildActionMask = 2147483647;
			dstPath = "";
			dstSubfolderSpec = 10;
			files = (
			);
			name = "Embed Frameworks";
			runOnlyForDeploymentPostprocessing = 0;
		};
/* End PBXCopyFilesBuildPhase section */

/* Begin PBXFileReference section */
		07E3C2321B03605B0010338D /* Factory.swift */ = {isa = PBXFileReference; fileEncoding = 4; lastKnownFileType = sourcecode.swift; name = Factory.swift; path = Examples/Factory.swift; sourceTree = "<group>"; };
		17D1AFD28F47084DAD764331 /* Pods-iOSContact.release.xcconfig */ = {isa = PBXFileReference; includeInIndex = 1; lastKnownFileType = text.xcconfig; name = "Pods-iOSContact.release.xcconfig"; path = "Pods/Target Support Files/Pods-iOSContact/Pods-iOSContact.release.xcconfig"; sourceTree = "<group>"; };
		23C0622C1F85A379047F40F6 /* Pods_tvContact.framework */ = {isa = PBXFileReference; explicitFileType = wrapper.framework; includeInIndex = 0; path = Pods_tvContact.framework; sourceTree = BUILT_PRODUCTS_DIR; };
		3AAC26960C1BFAEF1CE1365B /* Pods-tvContact.debug.xcconfig */ = {isa = PBXFileReference; includeInIndex = 1; lastKnownFileType = text.xcconfig; name = "Pods-tvContact.debug.xcconfig"; path = "Pods/Target Support Files/Pods-tvContact/Pods-tvContact.debug.xcconfig"; sourceTree = "<group>"; };
		46B76AD05D8D5086BE3914D2 /* Pods-tvContact.release-tests.xcconfig */ = {isa = PBXFileReference; includeInIndex = 1; lastKnownFileType = text.xcconfig; name = "Pods-tvContact.release-tests.xcconfig"; path = "Pods/Target Support Files/Pods-tvContact/Pods-tvContact.release-tests.xcconfig"; sourceTree = "<group>"; };
		57315357B9FDE10932829024 /* Pods-tvContact.release.xcconfig */ = {isa = PBXFileReference; includeInIndex = 1; lastKnownFileType = text.xcconfig; name = "Pods-tvContact.release.xcconfig"; path = "Pods/Target Support Files/Pods-tvContact/Pods-tvContact.release.xcconfig"; sourceTree = "<group>"; };
		5AAC0F4EA1E8486E1A59C5C4 /* Pods-osxContact.debug.xcconfig */ = {isa = PBXFileReference; includeInIndex = 1; lastKnownFileType = text.xcconfig; name = "Pods-osxContact.debug.xcconfig"; path = "Pods/Target Support Files/Pods-osxContact/Pods-osxContact.debug.xcconfig"; sourceTree = "<group>"; };
		5E1BDB8FEFC228F161823DA4 /* Pods_osxContact.framework */ = {isa = PBXFileReference; explicitFileType = wrapper.framework; includeInIndex = 0; path = Pods_osxContact.framework; sourceTree = BUILT_PRODUCTS_DIR; };
		5E5949986302D5F8F8C20F11 /* Pods-watchContact Extension.release-tests.xcconfig */ = {isa = PBXFileReference; includeInIndex = 1; lastKnownFileType = text.xcconfig; name = "Pods-watchContact Extension.release-tests.xcconfig"; path = "Pods/Target Support Files/Pods-watchContact Extension/Pods-watchContact Extension.release-tests.xcconfig"; sourceTree = "<group>"; };
		6289E05313A060DC57B41171 /* Pods_iOSContact.framework */ = {isa = PBXFileReference; explicitFileType = wrapper.framework; includeInIndex = 0; path = Pods_iOSContact.framework; sourceTree = BUILT_PRODUCTS_DIR; };
		691F764C014E83BCFBAE84E6 /* Pods-osxContact.release-tests.xcconfig */ = {isa = PBXFileReference; includeInIndex = 1; lastKnownFileType = text.xcconfig; name = "Pods-osxContact.release-tests.xcconfig"; path = "Pods/Target Support Files/Pods-osxContact/Pods-osxContact.release-tests.xcconfig"; sourceTree = "<group>"; };
		701CB99F1F34BB1E0006C942 /* iOSContact.app */ = {isa = PBXFileReference; explicitFileType = wrapper.application; includeInIndex = 0; path = iOSContact.app; sourceTree = BUILT_PRODUCTS_DIR; };
		701CB9A01F34BB1E0006C942 /* RxContact-iOS copy-Info.plist */ = {isa = PBXFileReference; lastKnownFileType = text.plist.xml; name = "RxContact-iOS copy-Info.plist"; path = "/Users/javierfuchs/Job/southfox/RxContact/RxContact-iOS copy-Info.plist"; sourceTree = "<absolute>"; };
		701CB9AB1F34BB460006C942 /* watchContact.app */ = {isa = PBXFileReference; explicitFileType = wrapper.application; includeInIndex = 0; path = watchContact.app; sourceTree = BUILT_PRODUCTS_DIR; };
		701CB9AE1F34BB460006C942 /* Base */ = {isa = PBXFileReference; lastKnownFileType = file.storyboard; name = Base; path = Base.lproj/Interface.storyboard; sourceTree = "<group>"; };
		701CB9B01F34BB460006C942 /* Assets.xcassets */ = {isa = PBXFileReference; lastKnownFileType = folder.assetcatalog; path = Assets.xcassets; sourceTree = "<group>"; };
		701CB9B21F34BB460006C942 /* Info.plist */ = {isa = PBXFileReference; lastKnownFileType = text.plist.xml; path = Info.plist; sourceTree = "<group>"; };
		701CB9B71F34BB460006C942 /* watchContact Extension.appex */ = {isa = PBXFileReference; explicitFileType = "wrapper.app-extension"; includeInIndex = 0; path = "watchContact Extension.appex"; sourceTree = BUILT_PRODUCTS_DIR; };
		701CB9BD1F34BB460006C942 /* PushNotificationPayload.apns */ = {isa = PBXFileReference; lastKnownFileType = text; path = PushNotificationPayload.apns; sourceTree = "<group>"; };
		701CB9BE1F34BB460006C942 /* InterfaceController.swift */ = {isa = PBXFileReference; lastKnownFileType = sourcecode.swift; path = InterfaceController.swift; sourceTree = "<group>"; };
		701CB9C01F34BB460006C942 /* ExtensionDelegate.swift */ = {isa = PBXFileReference; lastKnownFileType = sourcecode.swift; path = ExtensionDelegate.swift; sourceTree = "<group>"; };
		701CB9C21F34BB460006C942 /* NotificationController.swift */ = {isa = PBXFileReference; lastKnownFileType = sourcecode.swift; path = NotificationController.swift; sourceTree = "<group>"; };
		701CB9C41F34BB460006C942 /* ComplicationController.swift */ = {isa = PBXFileReference; lastKnownFileType = sourcecode.swift; path = ComplicationController.swift; sourceTree = "<group>"; };
		701CB9C61F34BB460006C942 /* Assets.xcassets */ = {isa = PBXFileReference; lastKnownFileType = folder.assetcatalog; path = Assets.xcassets; sourceTree = "<group>"; };
		701CB9C81F34BB460006C942 /* Info.plist */ = {isa = PBXFileReference; lastKnownFileType = text.plist.xml; path = Info.plist; sourceTree = "<group>"; };
		701CB9DA1F34BB690006C942 /* tvContact.app */ = {isa = PBXFileReference; explicitFileType = wrapper.application; includeInIndex = 0; path = tvContact.app; sourceTree = BUILT_PRODUCTS_DIR; };
		701CB9DC1F34BB690006C942 /* AppDelegate.swift */ = {isa = PBXFileReference; lastKnownFileType = sourcecode.swift; path = AppDelegate.swift; sourceTree = "<group>"; };
		701CB9DE1F34BB690006C942 /* FirstViewController.swift */ = {isa = PBXFileReference; lastKnownFileType = sourcecode.swift; path = FirstViewController.swift; sourceTree = "<group>"; };
		701CB9E01F34BB690006C942 /* SecondViewController.swift */ = {isa = PBXFileReference; lastKnownFileType = sourcecode.swift; path = SecondViewController.swift; sourceTree = "<group>"; };
		701CB9E31F34BB690006C942 /* Base */ = {isa = PBXFileReference; lastKnownFileType = file.storyboard; name = Base; path = Base.lproj/Main.storyboard; sourceTree = "<group>"; };
		701CB9E51F34BB690006C942 /* Assets.xcassets */ = {isa = PBXFileReference; lastKnownFileType = folder.assetcatalog; path = Assets.xcassets; sourceTree = "<group>"; };
		701CB9E71F34BB690006C942 /* Info.plist */ = {isa = PBXFileReference; lastKnownFileType = text.plist.xml; path = Info.plist; sourceTree = "<group>"; };
		701CBA131F34BB730006C942 /* osxContact.app */ = {isa = PBXFileReference; explicitFileType = wrapper.application; includeInIndex = 0; path = osxContact.app; sourceTree = BUILT_PRODUCTS_DIR; };
		701CBA141F34BB730006C942 /* RxContact-OSX copy-Info.plist */ = {isa = PBXFileReference; lastKnownFileType = text.plist.xml; name = "RxContact-OSX copy-Info.plist"; path = "/Users/javierfuchs/Job/southfox/RxContact/RxContact-OSX copy-Info.plist"; sourceTree = "<absolute>"; };
		7090B3AD1F356ABD00A56324 /* README.md */ = {isa = PBXFileReference; lastKnownFileType = net.daringfireball.markdown; path = README.md; sourceTree = "<group>"; };
		70EDE42D1F37F951006CD515 /* IntroductionExampleViewController.swift */ = {isa = PBXFileReference; fileEncoding = 4; lastKnownFileType = sourcecode.swift; path = IntroductionExampleViewController.swift; sourceTree = "<group>"; };
		70EDE43C1F3816C4006CD515 /* DobEditionViewController.swift */ = {isa = PBXFileReference; fileEncoding = 4; lastKnownFileType = sourcecode.swift; path = DobEditionViewController.swift; sourceTree = "<group>"; };
		70FBAC6F1F34F8A8008F5A3F /* Assets.xcassets */ = {isa = PBXFileReference; lastKnownFileType = folder.assetcatalog; path = Assets.xcassets; sourceTree = "<group>"; };
		70FBAC721F350408008F5A3F /* Facade.swift */ = {isa = PBXFileReference; fileEncoding = 4; lastKnownFileType = sourcecode.swift; name = Facade.swift; path = RxContact/Facade.swift; sourceTree = SOURCE_ROOT; };
		7DD6FD3D93ADE7DB1F7AD272 /* Pods-watchContact Extension.debug.xcconfig */ = {isa = PBXFileReference; includeInIndex = 1; lastKnownFileType = text.xcconfig; name = "Pods-watchContact Extension.debug.xcconfig"; path = "Pods/Target Support Files/Pods-watchContact Extension/Pods-watchContact Extension.debug.xcconfig"; sourceTree = "<group>"; };
		907481540006CCEB1BCBE355 /* Pods-watchContact Extension.release.xcconfig */ = {isa = PBXFileReference; includeInIndex = 1; lastKnownFileType = text.xcconfig; name = "Pods-watchContact Extension.release.xcconfig"; path = "Pods/Target Support Files/Pods-watchContact Extension/Pods-watchContact Extension.release.xcconfig"; sourceTree = "<group>"; };
		B18F3BBB1BD92EC8000AAC79 /* Reachability.swift */ = {isa = PBXFileReference; fileEncoding = 4; lastKnownFileType = sourcecode.swift; path = Reachability.swift; sourceTree = "<group>"; };
		B18F3BE11BDB2E8F000AAC79 /* ReachabilityService.swift */ = {isa = PBXFileReference; fileEncoding = 4; lastKnownFileType = sourcecode.swift; path = ReachabilityService.swift; sourceTree = "<group>"; };
		B9CC723AD7EE9610CCAD6C8D /* Pods-osxContact.release.xcconfig */ = {isa = PBXFileReference; includeInIndex = 1; lastKnownFileType = text.xcconfig; name = "Pods-osxContact.release.xcconfig"; path = "Pods/Target Support Files/Pods-osxContact/Pods-osxContact.release.xcconfig"; sourceTree = "<group>"; };
		C6DCFAA528BA6C5D4FB7C13E /* Pods-iOSContact.release-tests.xcconfig */ = {isa = PBXFileReference; includeInIndex = 1; lastKnownFileType = text.xcconfig; name = "Pods-iOSContact.release-tests.xcconfig"; path = "Pods/Target Support Files/Pods-iOSContact/Pods-iOSContact.release-tests.xcconfig"; sourceTree = "<group>"; };
		C80397391BD3E17D009D8B26 /* ObservableSharedSequence.swift */ = {isa = PBXFileReference; fileEncoding = 4; lastKnownFileType = sourcecode.swift; path = ObservableSharedSequence.swift; sourceTree = "<group>"; };
		C8477FE21D29DE8C0074454A /* ItemPath.swift */ = {isa = PBXFileReference; fileEncoding = 4; lastKnownFileType = sourcecode.swift; lineEnding = 0; path = ItemPath.swift; sourceTree = "<group>"; xcLanguageSpecificationIdentifier = xcode.lang.swift; };
		C8477FE41D29DE8C0074454A /* SectionModel.swift */ = {isa = PBXFileReference; fileEncoding = 4; lastKnownFileType = sourcecode.swift; lineEnding = 0; path = SectionModel.swift; sourceTree = "<group>"; xcLanguageSpecificationIdentifier = xcode.lang.swift; };
		C8477FE51D29DE8C0074454A /* SectionModelType.swift */ = {isa = PBXFileReference; fileEncoding = 4; lastKnownFileType = sourcecode.swift; lineEnding = 0; path = SectionModelType.swift; sourceTree = "<group>"; xcLanguageSpecificationIdentifier = xcode.lang.swift; };
		C8477FE71D29DE8C0074454A /* TableViewSectionedDataSource.swift */ = {isa = PBXFileReference; fileEncoding = 4; lastKnownFileType = sourcecode.swift; lineEnding = 0; path = TableViewSectionedDataSource.swift; sourceTree = "<group>"; xcLanguageSpecificationIdentifier = xcode.lang.swift; };
		C8477FED1D29DE8C0074454A /* RxTableViewSectionedReloadDataSource.swift */ = {isa = PBXFileReference; fileEncoding = 4; lastKnownFileType = sourcecode.swift; lineEnding = 0; path = RxTableViewSectionedReloadDataSource.swift; sourceTree = "<group>"; xcLanguageSpecificationIdentifier = xcode.lang.swift; };
		C84E5BA51E7893A4001F659A /* Observable+Extensions.swift */ = {isa = PBXFileReference; fileEncoding = 4; lastKnownFileType = sourcecode.swift; path = "Observable+Extensions.swift"; sourceTree = "<group>"; };
		C864BAD11C3332F10083833C /* ContactEditionViewController.swift */ = {isa = PBXFileReference; fileEncoding = 4; lastKnownFileType = sourcecode.swift; name = ContactEditionViewController.swift; path = ../../TableViewWithEditingCommands/ContactEditionViewController.swift; sourceTree = "<group>"; };
		C864BAD41C3332F10083833C /* ContactMainViewController.swift */ = {isa = PBXFileReference; fileEncoding = 4; lastKnownFileType = sourcecode.swift; name = ContactMainViewController.swift; path = ../../TableViewWithEditingCommands/ContactMainViewController.swift; sourceTree = "<group>"; };
		C86781CA1DB824D500B2029A /* AppDelegate.swift */ = {isa = PBXFileReference; fileEncoding = 4; lastKnownFileType = sourcecode.swift; name = AppDelegate.swift; path = ../RxContact/macOS/AppDelegate.swift; sourceTree = "<group>"; };
		C86781CB1DB824D500B2029A /* Main.storyboard */ = {isa = PBXFileReference; fileEncoding = 4; lastKnownFileType = file.storyboard; name = Main.storyboard; path = ../RxContact/macOS/Main.storyboard; sourceTree = "<group>"; };
		C86E2F321AE5A0CA00C31024 /* ContactViewModel.swift */ = {isa = PBXFileReference; fileEncoding = 4; lastKnownFileType = sourcecode.swift; lineEnding = 0; path = ContactViewModel.swift; sourceTree = "<group>"; xcLanguageSpecificationIdentifier = xcode.lang.swift; };
		C86E2F3B1AE5A0CA00C31024 /* ContactREST.swift */ = {isa = PBXFileReference; fileEncoding = 4; lastKnownFileType = sourcecode.swift; path = ContactREST.swift; sourceTree = "<group>"; };
		C86E2F3D1AE5A0CA00C31024 /* Contact.swift */ = {isa = PBXFileReference; fileEncoding = 4; lastKnownFileType = sourcecode.swift; lineEnding = 0; path = Contact.swift; sourceTree = "<group>"; xcLanguageSpecificationIdentifier = xcode.lang.swift; };
		C8C46DA51B47F7110020D71E /* ContactSearchCell.swift */ = {isa = PBXFileReference; fileEncoding = 4; lastKnownFileType = sourcecode.swift; path = ContactSearchCell.swift; sourceTree = "<group>"; };
		C8C46DA61B47F7110020D71E /* ContactSearchCell.xib */ = {isa = PBXFileReference; fileEncoding = 4; lastKnownFileType = file.xib; path = ContactSearchCell.xib; sourceTree = "<group>"; };
		C8CDF0C01D688DF700C18F99 /* UITableView+Extensions.swift */ = {isa = PBXFileReference; fileEncoding = 4; lastKnownFileType = sourcecode.swift; path = "UITableView+Extensions.swift"; sourceTree = "<group>"; };
		C8DF92C81B0B2F84009BCF9A /* AppDelegate.swift */ = {isa = PBXFileReference; fileEncoding = 4; lastKnownFileType = sourcecode.swift; path = AppDelegate.swift; sourceTree = "<group>"; };
		C8DF92E01B0B32DA009BCF9A /* LaunchScreen.xib */ = {isa = PBXFileReference; fileEncoding = 4; lastKnownFileType = file.xib; path = LaunchScreen.xib; sourceTree = "<group>"; };
		C8DF92E11B0B32DA009BCF9A /* Main.storyboard */ = {isa = PBXFileReference; fileEncoding = 4; lastKnownFileType = file.storyboard; path = Main.storyboard; sourceTree = "<group>"; };
		C8DF92E21B0B32DA009BCF9A /* RootViewController.swift */ = {isa = PBXFileReference; fileEncoding = 4; lastKnownFileType = sourcecode.swift; path = RootViewController.swift; sourceTree = "<group>"; };
		C8DF92E91B0B38C0009BCF9A /* Images.xcassets */ = {isa = PBXFileReference; lastKnownFileType = folder.assetcatalog; path = Images.xcassets; sourceTree = "<group>"; };
		C8DF92F01B0B3E67009BCF9A /* Info-macOS.plist */ = {isa = PBXFileReference; fileEncoding = 4; lastKnownFileType = text.plist.xml; path = "Info-macOS.plist"; sourceTree = "<group>"; };
		C8DF92F21B0B3E71009BCF9A /* Info-iOS.plist */ = {isa = PBXFileReference; fileEncoding = 4; lastKnownFileType = text.plist.xml; path = "Info-iOS.plist"; sourceTree = "<group>"; };
		DB4DC29FBDA76232A5502345 /* Pods_watchContact_Extension.framework */ = {isa = PBXFileReference; explicitFileType = wrapper.framework; includeInIndex = 0; path = Pods_watchContact_Extension.framework; sourceTree = BUILT_PRODUCTS_DIR; };
		F7B49E7A01F0E75403017036 /* Pods-iOSContact.debug.xcconfig */ = {isa = PBXFileReference; includeInIndex = 1; lastKnownFileType = text.xcconfig; name = "Pods-iOSContact.debug.xcconfig"; path = "Pods/Target Support Files/Pods-iOSContact/Pods-iOSContact.debug.xcconfig"; sourceTree = "<group>"; };
/* End PBXFileReference section */

/* Begin PBXFrameworksBuildPhase section */
		5D9D9828D092EE08D3F48674 /* Frameworks */ = {
			isa = PBXFrameworksBuildPhase;
			buildActionMask = 2147483647;
			files = (
			);
			runOnlyForDeploymentPostprocessing = 0;
		};
		701CB97E1F34BB1E0006C942 /* Frameworks */ = {
			isa = PBXFrameworksBuildPhase;
			buildActionMask = 2147483647;
			files = (
				396C2A102D9217EE3B9252A4 /* Pods_iOSContact.framework in Frameworks */,
			);
			runOnlyForDeploymentPostprocessing = 0;
		};
		701CB9B41F34BB460006C942 /* Frameworks */ = {
			isa = PBXFrameworksBuildPhase;
			buildActionMask = 2147483647;
			files = (
				31790EB2A3AC2A872FFB10B0 /* Pods_watchContact_Extension.framework in Frameworks */,
			);
			runOnlyForDeploymentPostprocessing = 0;
		};
		701CB9D71F34BB690006C942 /* Frameworks */ = {
			isa = PBXFrameworksBuildPhase;
			buildActionMask = 2147483647;
			files = (
				554C1DA59453C99A870E7FAE /* Pods_tvContact.framework in Frameworks */,
			);
			runOnlyForDeploymentPostprocessing = 0;
		};
		701CBA071F34BB730006C942 /* Frameworks */ = {
			isa = PBXFrameworksBuildPhase;
			buildActionMask = 2147483647;
			files = (
				7243B1ABA3F67187DA641EF2 /* Pods_osxContact.framework in Frameworks */,
			);
			runOnlyForDeploymentPostprocessing = 0;
		};
/* End PBXFrameworksBuildPhase section */

/* Begin PBXGroup section */
		1707DB38BFCBBE6364AA62FE /* Pods */ = {
			isa = PBXGroup;
			children = (
				F7B49E7A01F0E75403017036 /* Pods-iOSContact.debug.xcconfig */,
				17D1AFD28F47084DAD764331 /* Pods-iOSContact.release.xcconfig */,
				C6DCFAA528BA6C5D4FB7C13E /* Pods-iOSContact.release-tests.xcconfig */,
				5AAC0F4EA1E8486E1A59C5C4 /* Pods-osxContact.debug.xcconfig */,
				B9CC723AD7EE9610CCAD6C8D /* Pods-osxContact.release.xcconfig */,
				691F764C014E83BCFBAE84E6 /* Pods-osxContact.release-tests.xcconfig */,
				3AAC26960C1BFAEF1CE1365B /* Pods-tvContact.debug.xcconfig */,
				57315357B9FDE10932829024 /* Pods-tvContact.release.xcconfig */,
				46B76AD05D8D5086BE3914D2 /* Pods-tvContact.release-tests.xcconfig */,
				7DD6FD3D93ADE7DB1F7AD272 /* Pods-watchContact Extension.debug.xcconfig */,
				907481540006CCEB1BCBE355 /* Pods-watchContact Extension.release.xcconfig */,
				5E5949986302D5F8F8C20F11 /* Pods-watchContact Extension.release-tests.xcconfig */,
			);
			name = Pods;
			sourceTree = "<group>";
		};
		356109A596C714D4D5B763AA /* Frameworks */ = {
			isa = PBXGroup;
			children = (
				6289E05313A060DC57B41171 /* Pods_iOSContact.framework */,
				5E1BDB8FEFC228F161823DA4 /* Pods_osxContact.framework */,
				23C0622C1F85A379047F40F6 /* Pods_tvContact.framework */,
				DB4DC29FBDA76232A5502345 /* Pods_watchContact_Extension.framework */,
			);
			name = Frameworks;
			sourceTree = "<group>";
		};
		701CB9AC1F34BB460006C942 /* watchContact */ = {
			isa = PBXGroup;
			children = (
				701CB9AD1F34BB460006C942 /* Interface.storyboard */,
				701CB9B01F34BB460006C942 /* Assets.xcassets */,
				701CB9B21F34BB460006C942 /* Info.plist */,
			);
			path = watchContact;
			sourceTree = "<group>";
		};
		701CB9BB1F34BB460006C942 /* watchContact Extension */ = {
			isa = PBXGroup;
			children = (
				701CB9BE1F34BB460006C942 /* InterfaceController.swift */,
				701CB9C01F34BB460006C942 /* ExtensionDelegate.swift */,
				701CB9C21F34BB460006C942 /* NotificationController.swift */,
				701CB9C41F34BB460006C942 /* ComplicationController.swift */,
				701CB9C61F34BB460006C942 /* Assets.xcassets */,
				701CB9C81F34BB460006C942 /* Info.plist */,
				701CB9BC1F34BB460006C942 /* Supporting Files */,
			);
			path = "watchContact Extension";
			sourceTree = "<group>";
		};
		701CB9BC1F34BB460006C942 /* Supporting Files */ = {
			isa = PBXGroup;
			children = (
				701CB9BD1F34BB460006C942 /* PushNotificationPayload.apns */,
			);
			name = "Supporting Files";
			sourceTree = "<group>";
		};
		701CB9DB1F34BB690006C942 /* tvContact */ = {
			isa = PBXGroup;
			children = (
				701CB9DC1F34BB690006C942 /* AppDelegate.swift */,
				701CB9DE1F34BB690006C942 /* FirstViewController.swift */,
				701CB9E01F34BB690006C942 /* SecondViewController.swift */,
				701CB9E21F34BB690006C942 /* Main.storyboard */,
				701CB9E51F34BB690006C942 /* Assets.xcassets */,
				701CB9E71F34BB690006C942 /* Info.plist */,
			);
			path = tvContact;
			sourceTree = "<group>";
		};
		70EDE42C1F37F951006CD515 /* macOS simple example */ = {
			isa = PBXGroup;
			children = (
				70EDE42D1F37F951006CD515 /* IntroductionExampleViewController.swift */,
			);
			name = "macOS simple example";
			path = "../RxContact/Examples/macOS simple example";
			sourceTree = "<group>";
		};
		70FBAC6E1F34F8A8008F5A3F /* osxContact */ = {
			isa = PBXGroup;
			children = (
				70EDE42C1F37F951006CD515 /* macOS simple example */,
				C86781CA1DB824D500B2029A /* AppDelegate.swift */,
				C86781CB1DB824D500B2029A /* Main.storyboard */,
				70FBAC6F1F34F8A8008F5A3F /* Assets.xcassets */,
			);
			path = osxContact;
			sourceTree = SOURCE_ROOT;
		};
		70FBACAC1F353968008F5A3F /* iOS */ = {
			isa = PBXGroup;
			children = (
				C86E2F2E1AE5A0CA00C31024 /* Classes */,
				C8DF92E91B0B38C0009BCF9A /* Images.xcassets */,
			);
			name = iOS;
			path = RxContact;
			sourceTree = "<group>";
		};
		C83366D41AD0293800C668A7 = {
			isa = PBXGroup;
			children = (
				7090B3AD1F356ABD00A56324 /* README.md */,
				70FBAC6E1F34F8A8008F5A3F /* osxContact */,
				701CB9AC1F34BB460006C942 /* watchContact */,
				701CB9BB1F34BB460006C942 /* watchContact Extension */,
				70FBACAC1F353968008F5A3F /* iOS */,
				701CB9DB1F34BB690006C942 /* tvContact */,
				C83366DF1AD0293800C668A7 /* Classes */,
				C83366DE1AD0293800C668A7 /* Products */,
				701CB9A01F34BB1E0006C942 /* RxContact-iOS copy-Info.plist */,
				701CBA141F34BB730006C942 /* RxContact-OSX copy-Info.plist */,
				1707DB38BFCBBE6364AA62FE /* Pods */,
				356109A596C714D4D5B763AA /* Frameworks */,
			);
			sourceTree = "<group>";
		};
		C83366DE1AD0293800C668A7 /* Products */ = {
			isa = PBXGroup;
			children = (
				701CB99F1F34BB1E0006C942 /* iOSContact.app */,
				701CB9AB1F34BB460006C942 /* watchContact.app */,
				701CB9B71F34BB460006C942 /* watchContact Extension.appex */,
				701CB9DA1F34BB690006C942 /* tvContact.app */,
				701CBA131F34BB730006C942 /* osxContact.app */,
			);
			name = Products;
			sourceTree = "<group>";
		};
		C83366DF1AD0293800C668A7 /* Classes */ = {
			isa = PBXGroup;
			children = (
				C8B290A51C959D2900E923D0 /* RxDataSources */,
				70FBAC721F350408008F5A3F /* Facade.swift */,
				C83367101AD029AE00C668A7 /* Modules */,
				07E3C2321B03605B0010338D /* Factory.swift */,
				C84E5BA51E7893A4001F659A /* Observable+Extensions.swift */,
				C8DF92C71B0B2F84009BCF9A /* iOS */,
				C83366E01AD0293800C668A7 /* Supporting Files */,
			);
			name = Classes;
			path = RxContact;
			sourceTree = "<group>";
		};
		C83366E01AD0293800C668A7 /* Supporting Files */ = {
			isa = PBXGroup;
			children = (
				C8DF92F21B0B3E71009BCF9A /* Info-iOS.plist */,
				C8DF92F01B0B3E67009BCF9A /* Info-macOS.plist */,
			);
			name = "Supporting Files";
			sourceTree = "<group>";
		};
		C83367101AD029AE00C668A7 /* Modules */ = {
			isa = PBXGroup;
			children = (
				C80397391BD3E17D009D8B26 /* ObservableSharedSequence.swift */,
				B18F3BBB1BD92EC8000AAC79 /* Reachability.swift */,
				B18F3BE11BDB2E8F000AAC79 /* ReachabilityService.swift */,
			);
			name = Modules;
			path = Services;
			sourceTree = "<group>";
		};
		C8477FD41D29DE8B0074454A /* DataSources */ = {
			isa = PBXGroup;
			children = (
				C8477FE21D29DE8C0074454A /* ItemPath.swift */,
				C8477FE41D29DE8C0074454A /* SectionModel.swift */,
				C8477FE51D29DE8C0074454A /* SectionModelType.swift */,
				C8477FE71D29DE8C0074454A /* TableViewSectionedDataSource.swift */,
			);
			path = DataSources;
			sourceTree = "<group>";
		};
		C8477FE91D29DE8C0074454A /* DataSources+Rx */ = {
			isa = PBXGroup;
			children = (
				C8477FED1D29DE8C0074454A /* RxTableViewSectionedReloadDataSource.swift */,
			);
			path = "DataSources+Rx";
			sourceTree = "<group>";
		};
		C86E2F2E1AE5A0CA00C31024 /* Classes */ = {
			isa = PBXGroup;
			children = (
				C86E2F301AE5A0CA00C31024 /* FirebaseContacts */,
			);
			name = Classes;
			path = Examples;
			sourceTree = "<group>";
		};
		C86E2F301AE5A0CA00C31024 /* FirebaseContacts */ = {
			isa = PBXGroup;
			children = (
				C86E2F311AE5A0CA00C31024 /* ViewModels */,
				C86E2F341AE5A0CA00C31024 /* Views */,
				C86E2F3A1AE5A0CA00C31024 /* ContactREST */,
			);
			name = FirebaseContacts;
			path = WikipediaImageSearch;
			sourceTree = "<group>";
		};
		C86E2F311AE5A0CA00C31024 /* ViewModels */ = {
			isa = PBXGroup;
			children = (
				C86E2F321AE5A0CA00C31024 /* ContactViewModel.swift */,
			);
			path = ViewModels;
			sourceTree = "<group>";
		};
		C86E2F341AE5A0CA00C31024 /* Views */ = {
			isa = PBXGroup;
			children = (
				C864BAD41C3332F10083833C /* ContactMainViewController.swift */,
				C864BAD11C3332F10083833C /* ContactEditionViewController.swift */,
				70EDE43C1F3816C4006CD515 /* DobEditionViewController.swift */,
				C8C46DA51B47F7110020D71E /* ContactSearchCell.swift */,
				C8C46DA61B47F7110020D71E /* ContactSearchCell.xib */,
			);
			path = Views;
			sourceTree = "<group>";
		};
		C86E2F3A1AE5A0CA00C31024 /* ContactREST */ = {
			isa = PBXGroup;
			children = (
				C86E2F3B1AE5A0CA00C31024 /* ContactREST.swift */,
				C86E2F3D1AE5A0CA00C31024 /* Contact.swift */,
			);
			name = ContactREST;
			path = WikipediaAPI;
			sourceTree = "<group>";
		};
		C8B290A51C959D2900E923D0 /* RxDataSources */ = {
			isa = PBXGroup;
			children = (
				C8477FD41D29DE8B0074454A /* DataSources */,
				C8477FE91D29DE8C0074454A /* DataSources+Rx */,
			);
			name = RxDataSources;
			path = ../RxDataSources;
			sourceTree = "<group>";
		};
		C8DF92C71B0B2F84009BCF9A /* iOS */ = {
			isa = PBXGroup;
			children = (
				C8DF92E01B0B32DA009BCF9A /* LaunchScreen.xib */,
				C8DF92E11B0B32DA009BCF9A /* Main.storyboard */,
				C8DF92E21B0B32DA009BCF9A /* RootViewController.swift */,
				C8DF92C81B0B2F84009BCF9A /* AppDelegate.swift */,
				C8CDF0C01D688DF700C18F99 /* UITableView+Extensions.swift */,
			);
			path = iOS;
			sourceTree = "<group>";
		};
/* End PBXGroup section */

/* Begin PBXNativeTarget section */
		701CB91D1F34BB1E0006C942 /* iOSContact */ = {
			isa = PBXNativeTarget;
			buildConfigurationList = 701CB99B1F34BB1E0006C942 /* Build configuration list for PBXNativeTarget "iOSContact" */;
			buildPhases = (
				A6F0304B7EAA560C1EC37AD7 /* [CP] Check Pods Manifest.lock */,
				701CB9221F34BB1E0006C942 /* Sources */,
				701CB97E1F34BB1E0006C942 /* Frameworks */,
				701CB9821F34BB1E0006C942 /* Resources */,
				701CB9CB1F34BB460006C942 /* Embed Watch Content */,
				480D220A101CB172532CEA9D /* [CP] Embed Pods Frameworks */,
				57B89D452DEADC966E7D38F7 /* [CP] Copy Pods Resources */,
			);
			buildRules = (
			);
			dependencies = (
				701CB9CA1F34BB460006C942 /* PBXTargetDependency */,
			);
			name = iOSContact;
			productName = RxContact;
			productReference = 701CB99F1F34BB1E0006C942 /* iOSContact.app */;
			productType = "com.apple.product-type.application";
		};
		701CB9AA1F34BB460006C942 /* watchContact */ = {
			isa = PBXNativeTarget;
			buildConfigurationList = 701CB9D21F34BB460006C942 /* Build configuration list for PBXNativeTarget "watchContact" */;
			buildPhases = (
				701CB9A91F34BB460006C942 /* Resources */,
				701CB9D11F34BB460006C942 /* Embed App Extensions */,
				5D9D9828D092EE08D3F48674 /* Frameworks */,
			);
			buildRules = (
			);
			dependencies = (
				701CB9BA1F34BB460006C942 /* PBXTargetDependency */,
			);
			name = watchContact;
			productName = watchContact;
			productReference = 701CB9AB1F34BB460006C942 /* watchContact.app */;
			productType = "com.apple.product-type.application.watchapp2";
		};
		701CB9B61F34BB460006C942 /* watchContact Extension */ = {
			isa = PBXNativeTarget;
			buildConfigurationList = 701CB9CD1F34BB460006C942 /* Build configuration list for PBXNativeTarget "watchContact Extension" */;
			buildPhases = (
				D06DB3F1772A7F833054986E /* [CP] Check Pods Manifest.lock */,
				701CB9B31F34BB460006C942 /* Sources */,
				701CB9B41F34BB460006C942 /* Frameworks */,
				701CB9B51F34BB460006C942 /* Resources */,
				B3006B42928988149AD17D7D /* [CP] Embed Pods Frameworks */,
				5BE30389158AC60E6DB81449 /* [CP] Copy Pods Resources */,
			);
			buildRules = (
			);
			dependencies = (
			);
			name = "watchContact Extension";
			productName = "watchContact Extension";
			productReference = 701CB9B71F34BB460006C942 /* watchContact Extension.appex */;
			productType = "com.apple.product-type.watchkit2-extension";
		};
		701CB9D91F34BB690006C942 /* tvContact */ = {
			isa = PBXNativeTarget;
			buildConfigurationList = 701CB9E81F34BB690006C942 /* Build configuration list for PBXNativeTarget "tvContact" */;
			buildPhases = (
				021026C8687542E0643646F4 /* [CP] Check Pods Manifest.lock */,
				701CB9D61F34BB690006C942 /* Sources */,
				701CB9D71F34BB690006C942 /* Frameworks */,
				701CB9D81F34BB690006C942 /* Resources */,
				259A35BE4BB37A8CF8FDC0EB /* [CP] Embed Pods Frameworks */,
				DFCB44364BAF4004343D62F8 /* [CP] Copy Pods Resources */,
			);
			buildRules = (
			);
			dependencies = (
			);
			name = tvContact;
			productName = tvContact;
			productReference = 701CB9DA1F34BB690006C942 /* tvContact.app */;
			productType = "com.apple.product-type.application";
		};
		701CB9EC1F34BB730006C942 /* osxContact */ = {
			isa = PBXNativeTarget;
			buildConfigurationList = 701CBA0F1F34BB730006C942 /* Build configuration list for PBXNativeTarget "osxContact" */;
			buildPhases = (
				0141CA31FA1126627572DF53 /* [CP] Check Pods Manifest.lock */,
				701CB9F11F34BB730006C942 /* Sources */,
				701CBA071F34BB730006C942 /* Frameworks */,
				701CBA0B1F34BB730006C942 /* Resources */,
				701CBA0E1F34BB730006C942 /* Embed Frameworks */,
				E045E2E46FAF8FC0FA112D57 /* [CP] Embed Pods Frameworks */,
				92E912B361571543BB077B00 /* [CP] Copy Pods Resources */,
			);
			buildRules = (
			);
			dependencies = (
			);
			name = osxContact;
			productName = RxContact;
			productReference = 701CBA131F34BB730006C942 /* osxContact.app */;
			productType = "com.apple.product-type.application";
		};
/* End PBXNativeTarget section */

/* Begin PBXProject section */
		C83366D51AD0293800C668A7 /* Project object */ = {
			isa = PBXProject;
			attributes = {
				LastSwiftUpdateCheck = 0830;
				LastUpgradeCheck = 0820;
				ORGANIZATIONNAME = "Mobile Patagonia";
				TargetAttributes = {
					701CB91D1F34BB1E0006C942 = {
						DevelopmentTeam = 27XTSJS68A;
					};
					701CB9AA1F34BB460006C942 = {
						CreatedOnToolsVersion = 8.3.3;
						DevelopmentTeam = 27XTSJS68A;
						ProvisioningStyle = Automatic;
					};
					701CB9B61F34BB460006C942 = {
						CreatedOnToolsVersion = 8.3.3;
						DevelopmentTeam = 27XTSJS68A;
						ProvisioningStyle = Automatic;
					};
					701CB9D91F34BB690006C942 = {
						CreatedOnToolsVersion = 8.3.3;
						DevelopmentTeam = 27XTSJS68A;
						ProvisioningStyle = Automatic;
					};
				};
			};
			buildConfigurationList = C83366D81AD0293800C668A7 /* Build configuration list for PBXProject "RxContact" */;
			compatibilityVersion = "Xcode 3.2";
			developmentRegion = English;
			hasScannedForEncodings = 0;
			knownRegions = (
				en,
				Base,
			);
			mainGroup = C83366D41AD0293800C668A7;
			productRefGroup = C83366DE1AD0293800C668A7 /* Products */;
			projectDirPath = "";
			projectRoot = "";
			targets = (
				701CB91D1F34BB1E0006C942 /* iOSContact */,
				701CB9AA1F34BB460006C942 /* watchContact */,
				701CB9B61F34BB460006C942 /* watchContact Extension */,
				701CB9D91F34BB690006C942 /* tvContact */,
				701CB9EC1F34BB730006C942 /* osxContact */,
			);
		};
/* End PBXProject section */

/* Begin PBXResourcesBuildPhase section */
		701CB9821F34BB1E0006C942 /* Resources */ = {
			isa = PBXResourcesBuildPhase;
			buildActionMask = 2147483647;
			files = (
				701CB9831F34BB1E0006C942 /* ContactSearchCell.xib in Resources */,
				70FBAC6D1F34F1F2008F5A3F /* Images.xcassets in Resources */,
				701CB98D1F34BB1E0006C942 /* LaunchScreen.xib in Resources */,
				701CB9911F34BB1E0006C942 /* Main.storyboard in Resources */,
			);
			runOnlyForDeploymentPostprocessing = 0;
		};
		701CB9A91F34BB460006C942 /* Resources */ = {
			isa = PBXResourcesBuildPhase;
			buildActionMask = 2147483647;
			files = (
				70B2923B1F34BE700015C527 /* Assets.xcassets in Resources */,
				701CB9AF1F34BB460006C942 /* Interface.storyboard in Resources */,
			);
			runOnlyForDeploymentPostprocessing = 0;
		};
		701CB9B51F34BB460006C942 /* Resources */ = {
			isa = PBXResourcesBuildPhase;
			buildActionMask = 2147483647;
			files = (
				70B292391F34BE660015C527 /* Assets.xcassets in Resources */,
			);
			runOnlyForDeploymentPostprocessing = 0;
		};
		701CB9D81F34BB690006C942 /* Resources */ = {
			isa = PBXResourcesBuildPhase;
			buildActionMask = 2147483647;
			files = (
				70B2923A1F34BE6D0015C527 /* Assets.xcassets in Resources */,
				701CB9E41F34BB690006C942 /* Main.storyboard in Resources */,
			);
			runOnlyForDeploymentPostprocessing = 0;
		};
		701CBA0B1F34BB730006C942 /* Resources */ = {
			isa = PBXResourcesBuildPhase;
			buildActionMask = 2147483647;
			files = (
				70FBAC701F34F8A8008F5A3F /* Assets.xcassets in Resources */,
				701CBA0D1F34BB730006C942 /* Main.storyboard in Resources */,
			);
			runOnlyForDeploymentPostprocessing = 0;
		};
/* End PBXResourcesBuildPhase section */

/* Begin PBXShellScriptBuildPhase section */
		0141CA31FA1126627572DF53 /* [CP] Check Pods Manifest.lock */ = {
			isa = PBXShellScriptBuildPhase;
			buildActionMask = 2147483647;
			files = (
			);
			inputPaths = (
			);
			name = "[CP] Check Pods Manifest.lock";
			outputPaths = (
			);
			runOnlyForDeploymentPostprocessing = 0;
			shellPath = /bin/sh;
			shellScript = "diff \"${PODS_ROOT}/../Podfile.lock\" \"${PODS_ROOT}/Manifest.lock\" > /dev/null\nif [ $? != 0 ] ; then\n    # print error to STDERR\n    echo \"error: The sandbox is not in sync with the Podfile.lock. Run 'pod install' or update your CocoaPods installation.\" >&2\n    exit 1\nfi\n";
			showEnvVarsInLog = 0;
		};
		021026C8687542E0643646F4 /* [CP] Check Pods Manifest.lock */ = {
			isa = PBXShellScriptBuildPhase;
			buildActionMask = 2147483647;
			files = (
			);
			inputPaths = (
			);
			name = "[CP] Check Pods Manifest.lock";
			outputPaths = (
			);
			runOnlyForDeploymentPostprocessing = 0;
			shellPath = /bin/sh;
			shellScript = "diff \"${PODS_ROOT}/../Podfile.lock\" \"${PODS_ROOT}/Manifest.lock\" > /dev/null\nif [ $? != 0 ] ; then\n    # print error to STDERR\n    echo \"error: The sandbox is not in sync with the Podfile.lock. Run 'pod install' or update your CocoaPods installation.\" >&2\n    exit 1\nfi\n";
			showEnvVarsInLog = 0;
		};
		259A35BE4BB37A8CF8FDC0EB /* [CP] Embed Pods Frameworks */ = {
			isa = PBXShellScriptBuildPhase;
			buildActionMask = 2147483647;
			files = (
			);
			inputPaths = (
			);
			name = "[CP] Embed Pods Frameworks";
			outputPaths = (
			);
			runOnlyForDeploymentPostprocessing = 0;
			shellPath = /bin/sh;
			shellScript = "\"${SRCROOT}/Pods/Target Support Files/Pods-tvContact/Pods-tvContact-frameworks.sh\"\n";
			showEnvVarsInLog = 0;
		};
		480D220A101CB172532CEA9D /* [CP] Embed Pods Frameworks */ = {
			isa = PBXShellScriptBuildPhase;
			buildActionMask = 2147483647;
			files = (
			);
			inputPaths = (
			);
			name = "[CP] Embed Pods Frameworks";
			outputPaths = (
			);
			runOnlyForDeploymentPostprocessing = 0;
			shellPath = /bin/sh;
			shellScript = "\"${SRCROOT}/Pods/Target Support Files/Pods-iOSContact/Pods-iOSContact-frameworks.sh\"\n";
			showEnvVarsInLog = 0;
		};
		57B89D452DEADC966E7D38F7 /* [CP] Copy Pods Resources */ = {
			isa = PBXShellScriptBuildPhase;
			buildActionMask = 2147483647;
			files = (
			);
			inputPaths = (
			);
			name = "[CP] Copy Pods Resources";
			outputPaths = (
			);
			runOnlyForDeploymentPostprocessing = 0;
			shellPath = /bin/sh;
			shellScript = "\"${SRCROOT}/Pods/Target Support Files/Pods-iOSContact/Pods-iOSContact-resources.sh\"\n";
			showEnvVarsInLog = 0;
		};
		5BE30389158AC60E6DB81449 /* [CP] Copy Pods Resources */ = {
			isa = PBXShellScriptBuildPhase;
			buildActionMask = 2147483647;
			files = (
			);
			inputPaths = (
			);
			name = "[CP] Copy Pods Resources";
			outputPaths = (
			);
			runOnlyForDeploymentPostprocessing = 0;
			shellPath = /bin/sh;
			shellScript = "\"${SRCROOT}/Pods/Target Support Files/Pods-watchContact Extension/Pods-watchContact Extension-resources.sh\"\n";
			showEnvVarsInLog = 0;
		};
		92E912B361571543BB077B00 /* [CP] Copy Pods Resources */ = {
			isa = PBXShellScriptBuildPhase;
			buildActionMask = 2147483647;
			files = (
			);
			inputPaths = (
			);
			name = "[CP] Copy Pods Resources";
			outputPaths = (
			);
			runOnlyForDeploymentPostprocessing = 0;
			shellPath = /bin/sh;
			shellScript = "\"${SRCROOT}/Pods/Target Support Files/Pods-osxContact/Pods-osxContact-resources.sh\"\n";
			showEnvVarsInLog = 0;
		};
		A6F0304B7EAA560C1EC37AD7 /* [CP] Check Pods Manifest.lock */ = {
			isa = PBXShellScriptBuildPhase;
			buildActionMask = 2147483647;
			files = (
			);
			inputPaths = (
			);
			name = "[CP] Check Pods Manifest.lock";
			outputPaths = (
			);
			runOnlyForDeploymentPostprocessing = 0;
			shellPath = /bin/sh;
			shellScript = "diff \"${PODS_ROOT}/../Podfile.lock\" \"${PODS_ROOT}/Manifest.lock\" > /dev/null\nif [ $? != 0 ] ; then\n    # print error to STDERR\n    echo \"error: The sandbox is not in sync with the Podfile.lock. Run 'pod install' or update your CocoaPods installation.\" >&2\n    exit 1\nfi\n";
			showEnvVarsInLog = 0;
		};
		B3006B42928988149AD17D7D /* [CP] Embed Pods Frameworks */ = {
			isa = PBXShellScriptBuildPhase;
			buildActionMask = 2147483647;
			files = (
			);
			inputPaths = (
			);
			name = "[CP] Embed Pods Frameworks";
			outputPaths = (
			);
			runOnlyForDeploymentPostprocessing = 0;
			shellPath = /bin/sh;
			shellScript = "\"${SRCROOT}/Pods/Target Support Files/Pods-watchContact Extension/Pods-watchContact Extension-frameworks.sh\"\n";
			showEnvVarsInLog = 0;
		};
		D06DB3F1772A7F833054986E /* [CP] Check Pods Manifest.lock */ = {
			isa = PBXShellScriptBuildPhase;
			buildActionMask = 2147483647;
			files = (
			);
			inputPaths = (
			);
			name = "[CP] Check Pods Manifest.lock";
			outputPaths = (
			);
			runOnlyForDeploymentPostprocessing = 0;
			shellPath = /bin/sh;
			shellScript = "diff \"${PODS_ROOT}/../Podfile.lock\" \"${PODS_ROOT}/Manifest.lock\" > /dev/null\nif [ $? != 0 ] ; then\n    # print error to STDERR\n    echo \"error: The sandbox is not in sync with the Podfile.lock. Run 'pod install' or update your CocoaPods installation.\" >&2\n    exit 1\nfi\n";
			showEnvVarsInLog = 0;
		};
		DFCB44364BAF4004343D62F8 /* [CP] Copy Pods Resources */ = {
			isa = PBXShellScriptBuildPhase;
			buildActionMask = 2147483647;
			files = (
			);
			inputPaths = (
			);
			name = "[CP] Copy Pods Resources";
			outputPaths = (
			);
			runOnlyForDeploymentPostprocessing = 0;
			shellPath = /bin/sh;
			shellScript = "\"${SRCROOT}/Pods/Target Support Files/Pods-tvContact/Pods-tvContact-resources.sh\"\n";
			showEnvVarsInLog = 0;
		};
		E045E2E46FAF8FC0FA112D57 /* [CP] Embed Pods Frameworks */ = {
			isa = PBXShellScriptBuildPhase;
			buildActionMask = 2147483647;
			files = (
			);
			inputPaths = (
			);
			name = "[CP] Embed Pods Frameworks";
			outputPaths = (
			);
			runOnlyForDeploymentPostprocessing = 0;
			shellPath = /bin/sh;
			shellScript = "\"${SRCROOT}/Pods/Target Support Files/Pods-osxContact/Pods-osxContact-frameworks.sh\"\n";
			showEnvVarsInLog = 0;
		};
/* End PBXShellScriptBuildPhase section */

/* Begin PBXSourcesBuildPhase section */
		701CB9221F34BB1E0006C942 /* Sources */ = {
			isa = PBXSourcesBuildPhase;
			buildActionMask = 2147483647;
			files = (
				701CB9291F34BB1E0006C942 /* ContactViewModel.swift in Sources */,
				701CB92E1F34BB1E0006C942 /* TableViewSectionedDataSource.swift in Sources */,
				701CB9301F34BB1E0006C942 /* RootViewController.swift in Sources */,
				701CB9341F34BB1E0006C942 /* Observable+Extensions.swift in Sources */,
				70EDE4301F37FB75006CD515 /* ObservableSharedSequence.swift in Sources */,
				701CB9351F34BB1E0006C942 /* SectionModel.swift in Sources */,
				701CB9361F34BB1E0006C942 /* ItemPath.swift in Sources */,
				701CB9431F34BB1E0006C942 /* ContactEditionViewController.swift in Sources */,
				701CB94C1F34BB1E0006C942 /* RxTableViewSectionedReloadDataSource.swift in Sources */,
				701CB94F1F34BB1E0006C942 /* UITableView+Extensions.swift in Sources */,
				701CB9511F34BB1E0006C942 /* ContactMainViewController.swift in Sources */,
				701CB95E1F34BB1E0006C942 /* Contact.swift in Sources */,
				701CB9671F34BB1E0006C942 /* SectionModelType.swift in Sources */,
				701CB96D1F34BB1E0006C942 /* ContactSearchCell.swift in Sources */,
				701CB9721F34BB1E0006C942 /* ReachabilityService.swift in Sources */,
				701CB9731F34BB1E0006C942 /* Reachability.swift in Sources */,
				701CB9741F34BB1E0006C942 /* Factory.swift in Sources */,
				70EDE43D1F3816C4006CD515 /* DobEditionViewController.swift in Sources */,
				70FBAC731F350408008F5A3F /* Facade.swift in Sources */,
				701CB9771F34BB1E0006C942 /* ContactREST.swift in Sources */,
				701CB9781F34BB1E0006C942 /* AppDelegate.swift in Sources */,
			);
			runOnlyForDeploymentPostprocessing = 0;
		};
		701CB9B31F34BB460006C942 /* Sources */ = {
			isa = PBXSourcesBuildPhase;
			buildActionMask = 2147483647;
			files = (
				70EDE4311F37FB76006CD515 /* ObservableSharedSequence.swift in Sources */,
				70EDE4291F36D6E7006CD515 /* Contact.swift in Sources */,
				701CB9C31F34BB460006C942 /* NotificationController.swift in Sources */,
				70FBAC9D1F35213D008F5A3F /* Reachability.swift in Sources */,
				70FBAC741F350408008F5A3F /* Facade.swift in Sources */,
				701CB9C51F34BB460006C942 /* ComplicationController.swift in Sources */,
				70FBAC811F3505C8008F5A3F /* Factory.swift in Sources */,
				70FBAC9E1F352A93008F5A3F /* ReachabilityService.swift in Sources */,
				701CB9C11F34BB460006C942 /* ExtensionDelegate.swift in Sources */,
				70EDE42B1F36D712006CD515 /* ContactREST.swift in Sources */,
				701CB9BF1F34BB460006C942 /* InterfaceController.swift in Sources */,
			);
			runOnlyForDeploymentPostprocessing = 0;
		};
		701CB9D61F34BB690006C942 /* Sources */ = {
			isa = PBXSourcesBuildPhase;
			buildActionMask = 2147483647;
			files = (
				70EDE4281F36D6E6006CD515 /* Contact.swift in Sources */,
				70EDE4321F37FB77006CD515 /* ObservableSharedSequence.swift in Sources */,
				70FBAC7C1F350461008F5A3F /* ReachabilityService.swift in Sources */,
				70EDE42A1F36D712006CD515 /* ContactREST.swift in Sources */,
				70FBAC801F3505C7008F5A3F /* Factory.swift in Sources */,
				701CB9E11F34BB690006C942 /* SecondViewController.swift in Sources */,
				701CB9DD1F34BB690006C942 /* AppDelegate.swift in Sources */,
				701CB9DF1F34BB690006C942 /* FirstViewController.swift in Sources */,
				70FBAC7F1F35046C008F5A3F /* Reachability.swift in Sources */,
				70FBAC751F350408008F5A3F /* Facade.swift in Sources */,
			);
			runOnlyForDeploymentPostprocessing = 0;
		};
		701CB9F11F34BB730006C942 /* Sources */ = {
			isa = PBXSourcesBuildPhase;
			buildActionMask = 2147483647;
			files = (
				70EDE4331F37FB77006CD515 /* ObservableSharedSequence.swift in Sources */,
				701CB9F31F34BB730006C942 /* AppDelegate.swift in Sources */,
				701CB9F41F34BB730006C942 /* ContactViewModel.swift in Sources */,
				70EDE42F1F37F957006CD515 /* IntroductionExampleViewController.swift in Sources */,
				701CB9F91F34BB730006C942 /* ReachabilityService.swift in Sources */,
				701CB9FC1F34BB730006C942 /* Contact.swift in Sources */,
				701CB9FD1F34BB730006C942 /* Reachability.swift in Sources */,
				701CBA001F34BB730006C942 /* Factory.swift in Sources */,
				701CBA011F34BB730006C942 /* ContactREST.swift in Sources */,
				70FBAC761F350408008F5A3F /* Facade.swift in Sources */,
				701CBA051F34BB730006C942 /* Observable+Extensions.swift in Sources */,
			);
			runOnlyForDeploymentPostprocessing = 0;
		};
/* End PBXSourcesBuildPhase section */

/* Begin PBXTargetDependency section */
		701CB9BA1F34BB460006C942 /* PBXTargetDependency */ = {
			isa = PBXTargetDependency;
			target = 701CB9B61F34BB460006C942 /* watchContact Extension */;
			targetProxy = 701CB9B91F34BB460006C942 /* PBXContainerItemProxy */;
		};
		701CB9CA1F34BB460006C942 /* PBXTargetDependency */ = {
			isa = PBXTargetDependency;
			target = 701CB9AA1F34BB460006C942 /* watchContact */;
			targetProxy = 701CB9C91F34BB460006C942 /* PBXContainerItemProxy */;
		};
/* End PBXTargetDependency section */

/* Begin PBXVariantGroup section */
		701CB9AD1F34BB460006C942 /* Interface.storyboard */ = {
			isa = PBXVariantGroup;
			children = (
				701CB9AE1F34BB460006C942 /* Base */,
			);
			name = Interface.storyboard;
			sourceTree = "<group>";
		};
		701CB9E21F34BB690006C942 /* Main.storyboard */ = {
			isa = PBXVariantGroup;
			children = (
				701CB9E31F34BB690006C942 /* Base */,
			);
			name = Main.storyboard;
			sourceTree = "<group>";
		};
/* End PBXVariantGroup section */

/* Begin XCBuildConfiguration section */
		701CB99C1F34BB1E0006C942 /* Debug */ = {
			isa = XCBuildConfiguration;
			baseConfigurationReference = F7B49E7A01F0E75403017036 /* Pods-iOSContact.debug.xcconfig */;
			buildSettings = {
				CODE_SIGN_IDENTITY = "iPhone Developer";
				DEVELOPMENT_TEAM = 27XTSJS68A;
				INFOPLIST_FILE = "RxContact-iOS copy-Info.plist";
				IPHONEOS_DEPLOYMENT_TARGET = 8.0;
				LD_RUNPATH_SEARCH_PATHS = "$(inherited) @executable_path/Frameworks";
				OTHER_LDFLAGS = "-objc_loadall";
				PRODUCT_BUNDLE_IDENTIFIER = com.mobilepatagonia.rxcontact;
				PRODUCT_NAME = "$(TARGET_NAME)";
				SDKROOT = iphoneos;
			};
			name = Debug;
		};
		701CB99D1F34BB1E0006C942 /* Release */ = {
			isa = XCBuildConfiguration;
			baseConfigurationReference = 17D1AFD28F47084DAD764331 /* Pods-iOSContact.release.xcconfig */;
			buildSettings = {
				CODE_SIGN_IDENTITY = "iPhone Developer";
				DEVELOPMENT_TEAM = 27XTSJS68A;
				INFOPLIST_FILE = "RxContact-iOS copy-Info.plist";
				IPHONEOS_DEPLOYMENT_TARGET = 8.0;
				LD_RUNPATH_SEARCH_PATHS = "$(inherited) @executable_path/Frameworks";
				OTHER_LDFLAGS = "-objc_loadall";
				PRODUCT_BUNDLE_IDENTIFIER = com.mobilepatagonia.rxcontact;
				PRODUCT_NAME = "$(TARGET_NAME)";
				SDKROOT = iphoneos;
				SWIFT_OPTIMIZATION_LEVEL = "-Owholemodule";
			};
			name = Release;
		};
		701CB99E1F34BB1E0006C942 /* Release-Tests */ = {
			isa = XCBuildConfiguration;
			baseConfigurationReference = C6DCFAA528BA6C5D4FB7C13E /* Pods-iOSContact.release-tests.xcconfig */;
			buildSettings = {
				CODE_SIGN_IDENTITY = "iPhone Developer";
				DEVELOPMENT_TEAM = 27XTSJS68A;
				INFOPLIST_FILE = "RxContact-iOS copy-Info.plist";
				IPHONEOS_DEPLOYMENT_TARGET = 8.0;
				LD_RUNPATH_SEARCH_PATHS = "$(inherited) @executable_path/Frameworks";
				OTHER_LDFLAGS = "-objc_loadall";
				PRODUCT_BUNDLE_IDENTIFIER = com.mobilepatagonia.rxcontact;
				PRODUCT_NAME = "$(TARGET_NAME)";
				SDKROOT = iphoneos;
				SWIFT_OPTIMIZATION_LEVEL = "-Owholemodule";
			};
			name = "Release-Tests";
		};
		701CB9CE1F34BB460006C942 /* Debug */ = {
			isa = XCBuildConfiguration;
			baseConfigurationReference = 7DD6FD3D93ADE7DB1F7AD272 /* Pods-watchContact Extension.debug.xcconfig */;
			buildSettings = {
				ASSETCATALOG_COMPILER_COMPLICATION_NAME = Complication;
				CLANG_ANALYZER_NONNULL = YES;
				CLANG_ANALYZER_NUMBER_OBJECT_CONVERSION = YES_AGGRESSIVE;
				CLANG_WARN_DOCUMENTATION_COMMENTS = YES;
				DEBUG_INFORMATION_FORMAT = dwarf;
				DEVELOPMENT_TEAM = 27XTSJS68A;
				INFOPLIST_FILE = "watchContact Extension/Info.plist";
				LD_RUNPATH_SEARCH_PATHS = "$(inherited) @executable_path/Frameworks @executable_path/../../Frameworks";
				PRODUCT_BUNDLE_IDENTIFIER = com.mobilepatagonia.rxcontact.watchkitapp.watchkitextension;
				PRODUCT_NAME = "${TARGET_NAME}";
				SDKROOT = watchos;
				SKIP_INSTALL = YES;
				SWIFT_ACTIVE_COMPILATION_CONDITIONS = DEBUG;
				SWIFT_VERSION = 3.0;
				TARGETED_DEVICE_FAMILY = 4;
				WATCHOS_DEPLOYMENT_TARGET = 3.2;
			};
			name = Debug;
		};
		701CB9CF1F34BB460006C942 /* Release */ = {
			isa = XCBuildConfiguration;
			baseConfigurationReference = 907481540006CCEB1BCBE355 /* Pods-watchContact Extension.release.xcconfig */;
			buildSettings = {
				ASSETCATALOG_COMPILER_COMPLICATION_NAME = Complication;
				CLANG_ANALYZER_NONNULL = YES;
				CLANG_ANALYZER_NUMBER_OBJECT_CONVERSION = YES_AGGRESSIVE;
				CLANG_WARN_DOCUMENTATION_COMMENTS = YES;
				DEBUG_INFORMATION_FORMAT = "dwarf-with-dsym";
				DEVELOPMENT_TEAM = 27XTSJS68A;
				INFOPLIST_FILE = "watchContact Extension/Info.plist";
				LD_RUNPATH_SEARCH_PATHS = "$(inherited) @executable_path/Frameworks @executable_path/../../Frameworks";
				PRODUCT_BUNDLE_IDENTIFIER = com.mobilepatagonia.rxcontact.watchkitapp.watchkitextension;
				PRODUCT_NAME = "${TARGET_NAME}";
				SDKROOT = watchos;
				SKIP_INSTALL = YES;
				SWIFT_OPTIMIZATION_LEVEL = "-Owholemodule";
				SWIFT_VERSION = 3.0;
				TARGETED_DEVICE_FAMILY = 4;
				WATCHOS_DEPLOYMENT_TARGET = 3.2;
			};
			name = Release;
		};
		701CB9D01F34BB460006C942 /* Release-Tests */ = {
			isa = XCBuildConfiguration;
			baseConfigurationReference = 5E5949986302D5F8F8C20F11 /* Pods-watchContact Extension.release-tests.xcconfig */;
			buildSettings = {
				ASSETCATALOG_COMPILER_COMPLICATION_NAME = Complication;
				CLANG_ANALYZER_NONNULL = YES;
				CLANG_ANALYZER_NUMBER_OBJECT_CONVERSION = YES_AGGRESSIVE;
				CLANG_WARN_DOCUMENTATION_COMMENTS = YES;
				DEBUG_INFORMATION_FORMAT = "dwarf-with-dsym";
				DEVELOPMENT_TEAM = 27XTSJS68A;
				INFOPLIST_FILE = "watchContact Extension/Info.plist";
				LD_RUNPATH_SEARCH_PATHS = "$(inherited) @executable_path/Frameworks @executable_path/../../Frameworks";
				PRODUCT_BUNDLE_IDENTIFIER = com.mobilepatagonia.rxcontact.watchkitapp.watchkitextension;
				PRODUCT_NAME = "${TARGET_NAME}";
				SDKROOT = watchos;
				SKIP_INSTALL = YES;
				SWIFT_OPTIMIZATION_LEVEL = "-Owholemodule";
				SWIFT_VERSION = 3.0;
				TARGETED_DEVICE_FAMILY = 4;
				WATCHOS_DEPLOYMENT_TARGET = 3.2;
			};
			name = "Release-Tests";
		};
		701CB9D31F34BB460006C942 /* Debug */ = {
			isa = XCBuildConfiguration;
			buildSettings = {
				ALWAYS_EMBED_SWIFT_STANDARD_LIBRARIES = YES;
				ASSETCATALOG_COMPILER_APPICON_NAME = AppIcon;
				CLANG_ANALYZER_NONNULL = YES;
				CLANG_ANALYZER_NUMBER_OBJECT_CONVERSION = YES_AGGRESSIVE;
				CLANG_WARN_DOCUMENTATION_COMMENTS = YES;
				CODE_SIGN_IDENTITY = "iPhone Developer";
				DEBUG_INFORMATION_FORMAT = dwarf;
				DEVELOPMENT_TEAM = 27XTSJS68A;
				IBSC_MODULE = watchContact_Extension;
				INFOPLIST_FILE = watchContact/Info.plist;
				PRODUCT_BUNDLE_IDENTIFIER = com.mobilepatagonia.rxcontact.watchkitapp;
				PRODUCT_NAME = "$(TARGET_NAME)";
				SDKROOT = watchos;
				SKIP_INSTALL = YES;
				SWIFT_ACTIVE_COMPILATION_CONDITIONS = DEBUG;
				SWIFT_VERSION = 3.0;
				TARGETED_DEVICE_FAMILY = 4;
				WATCHOS_DEPLOYMENT_TARGET = 3.2;
			};
			name = Debug;
		};
		701CB9D41F34BB460006C942 /* Release */ = {
			isa = XCBuildConfiguration;
			buildSettings = {
				ALWAYS_EMBED_SWIFT_STANDARD_LIBRARIES = YES;
				ASSETCATALOG_COMPILER_APPICON_NAME = AppIcon;
				CLANG_ANALYZER_NONNULL = YES;
				CLANG_ANALYZER_NUMBER_OBJECT_CONVERSION = YES_AGGRESSIVE;
				CLANG_WARN_DOCUMENTATION_COMMENTS = YES;
				CODE_SIGN_IDENTITY = "iPhone Developer";
				DEBUG_INFORMATION_FORMAT = "dwarf-with-dsym";
				DEVELOPMENT_TEAM = 27XTSJS68A;
				IBSC_MODULE = watchContact_Extension;
				INFOPLIST_FILE = watchContact/Info.plist;
				PRODUCT_BUNDLE_IDENTIFIER = com.mobilepatagonia.rxcontact.watchkitapp;
				PRODUCT_NAME = "$(TARGET_NAME)";
				SDKROOT = watchos;
				SKIP_INSTALL = YES;
				SWIFT_OPTIMIZATION_LEVEL = "-Owholemodule";
				SWIFT_VERSION = 3.0;
				TARGETED_DEVICE_FAMILY = 4;
				WATCHOS_DEPLOYMENT_TARGET = 3.2;
			};
			name = Release;
		};
		701CB9D51F34BB460006C942 /* Release-Tests */ = {
			isa = XCBuildConfiguration;
			buildSettings = {
				ALWAYS_EMBED_SWIFT_STANDARD_LIBRARIES = YES;
				ASSETCATALOG_COMPILER_APPICON_NAME = AppIcon;
				CLANG_ANALYZER_NONNULL = YES;
				CLANG_ANALYZER_NUMBER_OBJECT_CONVERSION = YES_AGGRESSIVE;
				CLANG_WARN_DOCUMENTATION_COMMENTS = YES;
				CODE_SIGN_IDENTITY = "iPhone Developer";
				DEBUG_INFORMATION_FORMAT = "dwarf-with-dsym";
				DEVELOPMENT_TEAM = 27XTSJS68A;
				IBSC_MODULE = watchContact_Extension;
				INFOPLIST_FILE = watchContact/Info.plist;
				PRODUCT_BUNDLE_IDENTIFIER = com.mobilepatagonia.rxcontact.watchkitapp;
				PRODUCT_NAME = "$(TARGET_NAME)";
				SDKROOT = watchos;
				SKIP_INSTALL = YES;
				SWIFT_OPTIMIZATION_LEVEL = "-Owholemodule";
				SWIFT_VERSION = 3.0;
				TARGETED_DEVICE_FAMILY = 4;
				WATCHOS_DEPLOYMENT_TARGET = 3.2;
			};
			name = "Release-Tests";
		};
		701CB9E91F34BB690006C942 /* Debug */ = {
			isa = XCBuildConfiguration;
			baseConfigurationReference = 3AAC26960C1BFAEF1CE1365B /* Pods-tvContact.debug.xcconfig */;
			buildSettings = {
				ASSETCATALOG_COMPILER_APPICON_NAME = "App Icon & Top Shelf Image";
				ASSETCATALOG_COMPILER_LAUNCHIMAGE_NAME = LaunchImage;
				CLANG_ANALYZER_NONNULL = YES;
				CLANG_ANALYZER_NUMBER_OBJECT_CONVERSION = YES_AGGRESSIVE;
				CLANG_WARN_DOCUMENTATION_COMMENTS = YES;
				DEBUG_INFORMATION_FORMAT = dwarf;
				DEVELOPMENT_TEAM = 27XTSJS68A;
				INFOPLIST_FILE = tvContact/Info.plist;
				LD_RUNPATH_SEARCH_PATHS = "$(inherited) @executable_path/Frameworks";
				PRODUCT_BUNDLE_IDENTIFIER = com.mobilepatagonia.tvContact;
				PRODUCT_NAME = "$(TARGET_NAME)";
				SDKROOT = appletvos;
				SWIFT_ACTIVE_COMPILATION_CONDITIONS = DEBUG;
				SWIFT_VERSION = 3.0;
				TARGETED_DEVICE_FAMILY = 3;
				TVOS_DEPLOYMENT_TARGET = 10.2;
			};
			name = Debug;
		};
		701CB9EA1F34BB690006C942 /* Release */ = {
			isa = XCBuildConfiguration;
			baseConfigurationReference = 57315357B9FDE10932829024 /* Pods-tvContact.release.xcconfig */;
			buildSettings = {
				ASSETCATALOG_COMPILER_APPICON_NAME = "App Icon & Top Shelf Image";
				ASSETCATALOG_COMPILER_LAUNCHIMAGE_NAME = LaunchImage;
				CLANG_ANALYZER_NONNULL = YES;
				CLANG_ANALYZER_NUMBER_OBJECT_CONVERSION = YES_AGGRESSIVE;
				CLANG_WARN_DOCUMENTATION_COMMENTS = YES;
				DEBUG_INFORMATION_FORMAT = "dwarf-with-dsym";
				DEVELOPMENT_TEAM = 27XTSJS68A;
				INFOPLIST_FILE = tvContact/Info.plist;
				LD_RUNPATH_SEARCH_PATHS = "$(inherited) @executable_path/Frameworks";
				PRODUCT_BUNDLE_IDENTIFIER = com.mobilepatagonia.tvContact;
				PRODUCT_NAME = "$(TARGET_NAME)";
				SDKROOT = appletvos;
				SWIFT_OPTIMIZATION_LEVEL = "-Owholemodule";
				SWIFT_VERSION = 3.0;
				TARGETED_DEVICE_FAMILY = 3;
				TVOS_DEPLOYMENT_TARGET = 10.2;
			};
			name = Release;
		};
		701CB9EB1F34BB690006C942 /* Release-Tests */ = {
			isa = XCBuildConfiguration;
			baseConfigurationReference = 46B76AD05D8D5086BE3914D2 /* Pods-tvContact.release-tests.xcconfig */;
			buildSettings = {
				ASSETCATALOG_COMPILER_APPICON_NAME = "App Icon & Top Shelf Image";
				ASSETCATALOG_COMPILER_LAUNCHIMAGE_NAME = LaunchImage;
				CLANG_ANALYZER_NONNULL = YES;
				CLANG_ANALYZER_NUMBER_OBJECT_CONVERSION = YES_AGGRESSIVE;
				CLANG_WARN_DOCUMENTATION_COMMENTS = YES;
				DEBUG_INFORMATION_FORMAT = "dwarf-with-dsym";
				DEVELOPMENT_TEAM = 27XTSJS68A;
				INFOPLIST_FILE = tvContact/Info.plist;
				LD_RUNPATH_SEARCH_PATHS = "$(inherited) @executable_path/Frameworks";
				PRODUCT_BUNDLE_IDENTIFIER = com.mobilepatagonia.tvContact;
				PRODUCT_NAME = "$(TARGET_NAME)";
				SDKROOT = appletvos;
				SWIFT_OPTIMIZATION_LEVEL = "-Owholemodule";
				SWIFT_VERSION = 3.0;
				TARGETED_DEVICE_FAMILY = 3;
				TVOS_DEPLOYMENT_TARGET = 10.2;
			};
			name = "Release-Tests";
		};
		701CBA101F34BB730006C942 /* Debug */ = {
			isa = XCBuildConfiguration;
			baseConfigurationReference = 5AAC0F4EA1E8486E1A59C5C4 /* Pods-osxContact.debug.xcconfig */;
			buildSettings = {
				ASSETCATALOG_COMPILER_APPICON_NAME = AppIcon;
				COMBINE_HIDPI_IMAGES = YES;
				INFOPLIST_FILE = "RxContact-OSX copy-Info.plist";
				LD_RUNPATH_SEARCH_PATHS = "$(inherited) @loader_path/../Frameworks @executable_path/../Frameworks";
				OTHER_LDFLAGS = "-objc_loadall";
				PRODUCT_BUNDLE_IDENTIFIER = com.mobilepatagonia.rxcontact.osx;
				PRODUCT_NAME = "$(TARGET_NAME)";
				SDKROOT = macosx;
			};
			name = Debug;
		};
		701CBA111F34BB730006C942 /* Release */ = {
			isa = XCBuildConfiguration;
			baseConfigurationReference = B9CC723AD7EE9610CCAD6C8D /* Pods-osxContact.release.xcconfig */;
			buildSettings = {
				ASSETCATALOG_COMPILER_APPICON_NAME = AppIcon;
				COMBINE_HIDPI_IMAGES = YES;
				INFOPLIST_FILE = "RxContact-OSX copy-Info.plist";
				LD_RUNPATH_SEARCH_PATHS = "$(inherited) @loader_path/../Frameworks @executable_path/../Frameworks";
				OTHER_LDFLAGS = "-objc_loadall";
				PRODUCT_BUNDLE_IDENTIFIER = com.mobilepatagonia.rxcontact.osx;
				PRODUCT_NAME = "$(TARGET_NAME)";
				SDKROOT = macosx;
				SWIFT_OPTIMIZATION_LEVEL = "-Owholemodule";
			};
			name = Release;
		};
		701CBA121F34BB730006C942 /* Release-Tests */ = {
			isa = XCBuildConfiguration;
			baseConfigurationReference = 691F764C014E83BCFBAE84E6 /* Pods-osxContact.release-tests.xcconfig */;
			buildSettings = {
				ASSETCATALOG_COMPILER_APPICON_NAME = AppIcon;
				COMBINE_HIDPI_IMAGES = YES;
				INFOPLIST_FILE = "RxContact-OSX copy-Info.plist";
				LD_RUNPATH_SEARCH_PATHS = "$(inherited) @loader_path/../Frameworks @executable_path/../Frameworks";
				OTHER_LDFLAGS = "-objc_loadall";
				PRODUCT_BUNDLE_IDENTIFIER = com.mobilepatagonia.rxcontact.osx;
				PRODUCT_NAME = "$(TARGET_NAME)";
				SDKROOT = macosx;
				SWIFT_OPTIMIZATION_LEVEL = "-Owholemodule";
			};
			name = "Release-Tests";
		};
		C83366FD1AD0293900C668A7 /* Debug */ = {
			isa = XCBuildConfiguration;
			buildSettings = {
				ALWAYS_EMBED_SWIFT_STANDARD_LIBRARIES = YES;
				ALWAYS_SEARCH_USER_PATHS = NO;
				ASSETCATALOG_COMPILER_APPICON_NAME = AppIcon;
				CLANG_CXX_LANGUAGE_STANDARD = "gnu++0x";
				CLANG_CXX_LIBRARY = "libc++";
				CLANG_ENABLE_MODULES = YES;
				CLANG_ENABLE_OBJC_ARC = YES;
				CLANG_WARN_BOOL_CONVERSION = YES;
				CLANG_WARN_CONSTANT_CONVERSION = YES;
				CLANG_WARN_DIRECT_OBJC_ISA_USAGE = YES_ERROR;
				CLANG_WARN_EMPTY_BODY = YES;
				CLANG_WARN_ENUM_CONVERSION = YES;
				CLANG_WARN_INFINITE_RECURSION = YES;
				CLANG_WARN_INT_CONVERSION = YES;
				CLANG_WARN_OBJC_ROOT_CLASS = YES_ERROR;
				CLANG_WARN_SUSPICIOUS_MOVE = YES;
				CLANG_WARN_UNREACHABLE_CODE = YES;
				CLANG_WARN__DUPLICATE_METHOD_MATCH = YES;
				"CODE_SIGN_IDENTITY[sdk=iphoneos*]" = "iPhone Developer";
				COPY_PHASE_STRIP = NO;
				ENABLE_STRICT_OBJC_MSGSEND = YES;
				ENABLE_TESTABILITY = YES;
				GCC_C_LANGUAGE_STANDARD = gnu99;
				GCC_DYNAMIC_NO_PIC = NO;
				GCC_NO_COMMON_BLOCKS = YES;
				GCC_OPTIMIZATION_LEVEL = 0;
				GCC_PREPROCESSOR_DEFINITIONS = (
					"DEBUG=1",
					"$(inherited)",
				);
				GCC_SYMBOLS_PRIVATE_EXTERN = NO;
				GCC_WARN_64_TO_32_BIT_CONVERSION = YES;
				GCC_WARN_ABOUT_RETURN_TYPE = YES_ERROR;
				GCC_WARN_UNDECLARED_SELECTOR = YES;
				GCC_WARN_UNINITIALIZED_AUTOS = YES_AGGRESSIVE;
				GCC_WARN_UNUSED_FUNCTION = YES;
				GCC_WARN_UNUSED_VARIABLE = YES;
				INFOPLIST_FILE = RxContact/Info.plist;
				IPHONEOS_DEPLOYMENT_TARGET = 8.1;
				MACOSX_DEPLOYMENT_TARGET = 10.10;
				MTL_ENABLE_DEBUG_INFO = YES;
				ONLY_ACTIVE_ARCH = YES;
				OTHER_SWIFT_FLAGS = "-D DEBUG -D TRACE_RESOURCES";
				PRODUCT_NAME = RxContact;
				SDKROOT = "";
				SWIFT_OPTIMIZATION_LEVEL = "-Onone";
				SWIFT_VERSION = 3.0;
				TARGETED_DEVICE_FAMILY = "1,2";
			};
			name = Debug;
		};
		C83366FE1AD0293900C668A7 /* Release */ = {
			isa = XCBuildConfiguration;
			buildSettings = {
				ALWAYS_EMBED_SWIFT_STANDARD_LIBRARIES = YES;
				ALWAYS_SEARCH_USER_PATHS = NO;
				ASSETCATALOG_COMPILER_APPICON_NAME = AppIcon;
				CLANG_CXX_LANGUAGE_STANDARD = "gnu++0x";
				CLANG_CXX_LIBRARY = "libc++";
				CLANG_ENABLE_MODULES = YES;
				CLANG_ENABLE_OBJC_ARC = YES;
				CLANG_WARN_BOOL_CONVERSION = YES;
				CLANG_WARN_CONSTANT_CONVERSION = YES;
				CLANG_WARN_DIRECT_OBJC_ISA_USAGE = YES_ERROR;
				CLANG_WARN_EMPTY_BODY = YES;
				CLANG_WARN_ENUM_CONVERSION = YES;
				CLANG_WARN_INFINITE_RECURSION = YES;
				CLANG_WARN_INT_CONVERSION = YES;
				CLANG_WARN_OBJC_ROOT_CLASS = YES_ERROR;
				CLANG_WARN_SUSPICIOUS_MOVE = YES;
				CLANG_WARN_UNREACHABLE_CODE = YES;
				CLANG_WARN__DUPLICATE_METHOD_MATCH = YES;
				"CODE_SIGN_IDENTITY[sdk=iphoneos*]" = "iPhone Developer";
				COPY_PHASE_STRIP = NO;
				ENABLE_NS_ASSERTIONS = NO;
				ENABLE_STRICT_OBJC_MSGSEND = YES;
				GCC_C_LANGUAGE_STANDARD = gnu99;
				GCC_NO_COMMON_BLOCKS = YES;
				GCC_WARN_64_TO_32_BIT_CONVERSION = YES;
				GCC_WARN_ABOUT_RETURN_TYPE = YES_ERROR;
				GCC_WARN_UNDECLARED_SELECTOR = YES;
				GCC_WARN_UNINITIALIZED_AUTOS = YES_AGGRESSIVE;
				GCC_WARN_UNUSED_FUNCTION = YES;
				GCC_WARN_UNUSED_VARIABLE = YES;
				INFOPLIST_FILE = RxContact/Info.plist;
				IPHONEOS_DEPLOYMENT_TARGET = 8.1;
				MACOSX_DEPLOYMENT_TARGET = 10.10;
				MTL_ENABLE_DEBUG_INFO = NO;
				OTHER_SWIFT_FLAGS = "-D RELEASE";
				PRODUCT_NAME = RxContact;
				SDKROOT = "";
				SWIFT_VERSION = 3.0;
				TARGETED_DEVICE_FAMILY = "1,2";
				VALIDATE_PRODUCT = YES;
			};
			name = Release;
		};
		C8DF92ED1B0B3DFA009BCF9A /* Release-Tests */ = {
			isa = XCBuildConfiguration;
			buildSettings = {
				ALWAYS_EMBED_SWIFT_STANDARD_LIBRARIES = YES;
				ALWAYS_SEARCH_USER_PATHS = NO;
				ASSETCATALOG_COMPILER_APPICON_NAME = AppIcon;
				CLANG_CXX_LANGUAGE_STANDARD = "gnu++0x";
				CLANG_CXX_LIBRARY = "libc++";
				CLANG_ENABLE_MODULES = YES;
				CLANG_ENABLE_OBJC_ARC = YES;
				CLANG_WARN_BOOL_CONVERSION = YES;
				CLANG_WARN_CONSTANT_CONVERSION = YES;
				CLANG_WARN_DIRECT_OBJC_ISA_USAGE = YES_ERROR;
				CLANG_WARN_EMPTY_BODY = YES;
				CLANG_WARN_ENUM_CONVERSION = YES;
				CLANG_WARN_INFINITE_RECURSION = YES;
				CLANG_WARN_INT_CONVERSION = YES;
				CLANG_WARN_OBJC_ROOT_CLASS = YES_ERROR;
				CLANG_WARN_SUSPICIOUS_MOVE = YES;
				CLANG_WARN_UNREACHABLE_CODE = YES;
				CLANG_WARN__DUPLICATE_METHOD_MATCH = YES;
				"CODE_SIGN_IDENTITY[sdk=iphoneos*]" = "iPhone Developer";
				COPY_PHASE_STRIP = NO;
				ENABLE_NS_ASSERTIONS = NO;
				ENABLE_STRICT_OBJC_MSGSEND = YES;
				GCC_C_LANGUAGE_STANDARD = gnu99;
				GCC_NO_COMMON_BLOCKS = YES;
				GCC_PREPROCESSOR_DEFINITIONS = "";
				GCC_WARN_64_TO_32_BIT_CONVERSION = YES;
				GCC_WARN_ABOUT_RETURN_TYPE = YES_ERROR;
				GCC_WARN_UNDECLARED_SELECTOR = YES;
				GCC_WARN_UNINITIALIZED_AUTOS = YES_AGGRESSIVE;
				GCC_WARN_UNUSED_FUNCTION = YES;
				GCC_WARN_UNUSED_VARIABLE = YES;
				INFOPLIST_FILE = RxContact/Info.plist;
				IPHONEOS_DEPLOYMENT_TARGET = 8.1;
				MACOSX_DEPLOYMENT_TARGET = 10.10;
				MTL_ENABLE_DEBUG_INFO = NO;
				OTHER_SWIFT_FLAGS = "-D TRACE_RESOURCES";
				PRODUCT_NAME = RxContact;
				SDKROOT = "";
				SWIFT_VERSION = 3.0;
				TARGETED_DEVICE_FAMILY = "1,2";
				VALIDATE_PRODUCT = YES;
			};
			name = "Release-Tests";
		};
/* End XCBuildConfiguration section */

/* Begin XCConfigurationList section */
		701CB99B1F34BB1E0006C942 /* Build configuration list for PBXNativeTarget "iOSContact" */ = {
			isa = XCConfigurationList;
			buildConfigurations = (
				701CB99C1F34BB1E0006C942 /* Debug */,
				701CB99D1F34BB1E0006C942 /* Release */,
				701CB99E1F34BB1E0006C942 /* Release-Tests */,
			);
			defaultConfigurationIsVisible = 0;
			defaultConfigurationName = Release;
		};
		701CB9CD1F34BB460006C942 /* Build configuration list for PBXNativeTarget "watchContact Extension" */ = {
			isa = XCConfigurationList;
			buildConfigurations = (
				701CB9CE1F34BB460006C942 /* Debug */,
				701CB9CF1F34BB460006C942 /* Release */,
				701CB9D01F34BB460006C942 /* Release-Tests */,
			);
			defaultConfigurationIsVisible = 0;
			defaultConfigurationName = Release;
		};
		701CB9D21F34BB460006C942 /* Build configuration list for PBXNativeTarget "watchContact" */ = {
			isa = XCConfigurationList;
			buildConfigurations = (
				701CB9D31F34BB460006C942 /* Debug */,
				701CB9D41F34BB460006C942 /* Release */,
				701CB9D51F34BB460006C942 /* Release-Tests */,
			);
			defaultConfigurationIsVisible = 0;
			defaultConfigurationName = Release;
		};
		701CB9E81F34BB690006C942 /* Build configuration list for PBXNativeTarget "tvContact" */ = {
			isa = XCConfigurationList;
			buildConfigurations = (
				701CB9E91F34BB690006C942 /* Debug */,
				701CB9EA1F34BB690006C942 /* Release */,
				701CB9EB1F34BB690006C942 /* Release-Tests */,
			);
			defaultConfigurationIsVisible = 0;
			defaultConfigurationName = Release;
		};
		701CBA0F1F34BB730006C942 /* Build configuration list for PBXNativeTarget "osxContact" */ = {
			isa = XCConfigurationList;
			buildConfigurations = (
				701CBA101F34BB730006C942 /* Debug */,
				701CBA111F34BB730006C942 /* Release */,
				701CBA121F34BB730006C942 /* Release-Tests */,
			);
			defaultConfigurationIsVisible = 0;
			defaultConfigurationName = Release;
		};
		C83366D81AD0293800C668A7 /* Build configuration list for PBXProject "RxContact" */ = {
			isa = XCConfigurationList;
			buildConfigurations = (
				C83366FD1AD0293900C668A7 /* Debug */,
				C83366FE1AD0293900C668A7 /* Release */,
				C8DF92ED1B0B3DFA009BCF9A /* Release-Tests */,
			);
			defaultConfigurationIsVisible = 0;
			defaultConfigurationName = Release;
		};
/* End XCConfigurationList section */
	};
	rootObject = C83366D51AD0293800C668A7 /* Project object */;
}
